
Microsoft Visual Studio Solution File, Format Version 12.00
# Visual Studio Version 17
VisualStudioVersion = 17.7.34031.279
MinimumVisualStudioVersion = 10.0.40219.1
Project("{9A19103F-16F7-4668-BE54-9A1E7A4F7556}") = "PZ_2", "LoginovSergey_4PK2\PZ_2.csproj", "{752CB4C3-97F0-4623-B9F5-72C1CD934837}"
EndProject
Project("{8BC9CEB8-8B4A-11D0-8D11-00A0C91BC942}") = "HelloApp (PZ_1)", "HelloApp (PZ_1)\HelloApp (PZ_1).vcxproj", "{816F2C2A-CC16-402A-8323-1468E03ABDF1}"
EndProject
Project("{9A19103F-16F7-4668-BE54-9A1E7A4F7556}") = "PZ_4", "PZ_4\PZ_4.csproj", "{8DE58B08-4F71-4F58-9FC1-E4BBFE23E27A}"
EndProject
Project("{9A19103F-16F7-4668-BE54-9A1E7A4F7556}") = "PZ_4.1", "PZ_4.1\PZ_4.1.csproj", "{4D41A238-E058-4F91-AE4A-E4A29B963DB7}"
EndProject
Project("{FAE04EC0-301F-11D3-BF4B-00C04F79EFBC}") = "PZ_6", "PZ_6\PZ_6.csproj", "{B454AE62-50D3-4031-8279-0A881FEB4608}"
EndProject
Project("{9A19103F-16F7-4668-BE54-9A1E7A4F7556}") = "PZ_5", "PZ_5\PZ_5.csproj", "{C4D035B0-7E6A-49D4-BA47-862EC029CC8F}"
EndProject
Project("{9A19103F-16F7-4668-BE54-9A1E7A4F7556}") = "PZ_7", "PZ_7\PZ_7.csproj", "{2CD63B45-9337-4C77-8D8B-E8CC877F21EE}"
EndProject
Project("{9A19103F-16F7-4668-BE54-9A1E7A4F7556}") = "PZ_8", "PZ_8\PZ_8.csproj", "{C31C5E06-FD2E-427E-ADB1-48F67D3B03E9}"
EndProject
Project("{9A19103F-16F7-4668-BE54-9A1E7A4F7556}") = "PZ_9", "PZ_9\PZ_9.csproj", "{C69A8277-85DE-4EEF-9B3F-41C09E7A2381}"
EndProject
Project("{9A19103F-16F7-4668-BE54-9A1E7A4F7556}") = "PZ_10", "PZ_10\PZ_10.csproj", "{2FB79948-737B-4367-B526-B65EDFE33647}"
EndProject
Project("{8BC9CEB8-8B4A-11D0-8D11-00A0C91BC942}") = "PZ_14", "PZ_14\PZ_14.vcxproj", "{EDE358A7-7281-4732-9824-88BE98D691D1}"
EndProject
Project("{8BC9CEB8-8B4A-11D0-8D11-00A0C91BC942}") = "PZ_15", "PZ_15\PZ_15.vcxproj", "{0A3515B0-7FBE-46A3-97E6-A4E75F1A683B}"
EndProject
Project("{FAE04EC0-301F-11D3-BF4B-00C04F79EFBC}") = "PZ_18", "PZ_18\PZ_18.csproj", "{C3927CD4-7E4D-4429-B8EE-9C77EB14EAC1}"
EndProject
Project("{8BC9CEB8-8B4A-11D0-8D11-00A0C91BC942}") = "PZ_17", "PZ_17\PZ_17.vcxproj", "{67446029-8895-46FE-89E9-8F02FEA807C9}"
EndProject
Project("{FAE04EC0-301F-11D3-BF4B-00C04F79EFBC}") = "PZ_19", "PZ_19\PZ_19.csproj", "{E69F1417-6702-4C4F-AD76-3E1875ADBF85}"
EndProject
Project("{9A19103F-16F7-4668-BE54-9A1E7A4F7556}") = "LabWork1", "LabWork1\LabWork1.csproj", "{1B5CB891-6155-4220-923A-4E1167742A7F}"
EndProject
Project("{FAE04EC0-301F-11D3-BF4B-00C04F79EFBC}") = "PZ_20", "PZ_20\PZ_20.csproj", "{EF24AC4B-7D28-4A6C-8B35-1D1E3964DF3E}"
EndProject
Project("{FAE04EC0-301F-11D3-BF4B-00C04F79EFBC}") = "PZ_22", "PZ_22\PZ_22.csproj", "{AD8ABD47-04D3-4A2E-8584-9028A3A86C1B}"
EndProject
Project("{FAE04EC0-301F-11D3-BF4B-00C04F79EFBC}") = "PZ_21", "PZ_21\PZ_21.csproj", "{4CF75E81-A1AC-4EE2-BC82-9E9BCAD32AB9}"
EndProject
Project("{FAE04EC0-301F-11D3-BF4B-00C04F79EFBC}") = "PZ_24", "PZ_24\PZ_24.csproj", "{FF80C8A8-36BA-4BCC-B3C3-5307D33B447E}"
EndProject
Project("{FAE04EC0-301F-11D3-BF4B-00C04F79EFBC}") = "PZ_23", "PZ_23\PZ_23.csproj", "{F3AE2DA1-2F19-4DFA-A7BA-D23A5048EA61}"
EndProject
Project("{FAE04EC0-301F-11D3-BF4B-00C04F79EFBC}") = "PZ_25", "PZ_25\PZ_25.csproj", "{E9BF3041-BEA1-462C-A511-DD749B3A709A}"
EndProject
Global
	GlobalSection(SolutionConfigurationPlatforms) = preSolution
		Debug|Any CPU = Debug|Any CPU
		Debug|ARM = Debug|ARM
		Debug|ARM64 = Debug|ARM64
		Debug|x64 = Debug|x64
		Debug|x86 = Debug|x86
		Release|Any CPU = Release|Any CPU
		Release|ARM = Release|ARM
		Release|ARM64 = Release|ARM64
		Release|x64 = Release|x64
		Release|x86 = Release|x86
	EndGlobalSection
	GlobalSection(ProjectConfigurationPlatforms) = postSolution
		{752CB4C3-97F0-4623-B9F5-72C1CD934837}.Debug|Any CPU.ActiveCfg = Debug|Any CPU
		{752CB4C3-97F0-4623-B9F5-72C1CD934837}.Debug|Any CPU.Build.0 = Debug|Any CPU
		{752CB4C3-97F0-4623-B9F5-72C1CD934837}.Debug|ARM.ActiveCfg = Debug|Any CPU
		{752CB4C3-97F0-4623-B9F5-72C1CD934837}.Debug|ARM.Build.0 = Debug|Any CPU
		{752CB4C3-97F0-4623-B9F5-72C1CD934837}.Debug|ARM64.ActiveCfg = Debug|Any CPU
		{752CB4C3-97F0-4623-B9F5-72C1CD934837}.Debug|ARM64.Build.0 = Debug|Any CPU
		{752CB4C3-97F0-4623-B9F5-72C1CD934837}.Debug|x64.ActiveCfg = Debug|Any CPU
		{752CB4C3-97F0-4623-B9F5-72C1CD934837}.Debug|x64.Build.0 = Debug|Any CPU
		{752CB4C3-97F0-4623-B9F5-72C1CD934837}.Debug|x86.ActiveCfg = Debug|Any CPU
		{752CB4C3-97F0-4623-B9F5-72C1CD934837}.Debug|x86.Build.0 = Debug|Any CPU
		{752CB4C3-97F0-4623-B9F5-72C1CD934837}.Release|Any CPU.ActiveCfg = Release|Any CPU
		{752CB4C3-97F0-4623-B9F5-72C1CD934837}.Release|Any CPU.Build.0 = Release|Any CPU
		{752CB4C3-97F0-4623-B9F5-72C1CD934837}.Release|ARM.ActiveCfg = Release|Any CPU
		{752CB4C3-97F0-4623-B9F5-72C1CD934837}.Release|ARM.Build.0 = Release|Any CPU
		{752CB4C3-97F0-4623-B9F5-72C1CD934837}.Release|ARM64.ActiveCfg = Release|Any CPU
		{752CB4C3-97F0-4623-B9F5-72C1CD934837}.Release|ARM64.Build.0 = Release|Any CPU
		{752CB4C3-97F0-4623-B9F5-72C1CD934837}.Release|x64.ActiveCfg = Release|Any CPU
		{752CB4C3-97F0-4623-B9F5-72C1CD934837}.Release|x64.Build.0 = Release|Any CPU
		{752CB4C3-97F0-4623-B9F5-72C1CD934837}.Release|x86.ActiveCfg = Release|Any CPU
		{752CB4C3-97F0-4623-B9F5-72C1CD934837}.Release|x86.Build.0 = Release|Any CPU
		{816F2C2A-CC16-402A-8323-1468E03ABDF1}.Debug|Any CPU.ActiveCfg = Debug|x64
		{816F2C2A-CC16-402A-8323-1468E03ABDF1}.Debug|Any CPU.Build.0 = Debug|x64
		{816F2C2A-CC16-402A-8323-1468E03ABDF1}.Debug|ARM.ActiveCfg = Debug|x64
		{816F2C2A-CC16-402A-8323-1468E03ABDF1}.Debug|ARM.Build.0 = Debug|x64
		{816F2C2A-CC16-402A-8323-1468E03ABDF1}.Debug|ARM64.ActiveCfg = Debug|x64
		{816F2C2A-CC16-402A-8323-1468E03ABDF1}.Debug|ARM64.Build.0 = Debug|x64
		{816F2C2A-CC16-402A-8323-1468E03ABDF1}.Debug|x64.ActiveCfg = Debug|x64
		{816F2C2A-CC16-402A-8323-1468E03ABDF1}.Debug|x64.Build.0 = Debug|x64
		{816F2C2A-CC16-402A-8323-1468E03ABDF1}.Debug|x86.ActiveCfg = Debug|Win32
		{816F2C2A-CC16-402A-8323-1468E03ABDF1}.Debug|x86.Build.0 = Debug|Win32
		{816F2C2A-CC16-402A-8323-1468E03ABDF1}.Release|Any CPU.ActiveCfg = Release|x64
		{816F2C2A-CC16-402A-8323-1468E03ABDF1}.Release|Any CPU.Build.0 = Release|x64
		{816F2C2A-CC16-402A-8323-1468E03ABDF1}.Release|ARM.ActiveCfg = Release|x64
		{816F2C2A-CC16-402A-8323-1468E03ABDF1}.Release|ARM.Build.0 = Release|x64
		{816F2C2A-CC16-402A-8323-1468E03ABDF1}.Release|ARM64.ActiveCfg = Release|x64
		{816F2C2A-CC16-402A-8323-1468E03ABDF1}.Release|ARM64.Build.0 = Release|x64
		{816F2C2A-CC16-402A-8323-1468E03ABDF1}.Release|x64.ActiveCfg = Release|x64
		{816F2C2A-CC16-402A-8323-1468E03ABDF1}.Release|x64.Build.0 = Release|x64
		{816F2C2A-CC16-402A-8323-1468E03ABDF1}.Release|x86.ActiveCfg = Release|Win32
		{816F2C2A-CC16-402A-8323-1468E03ABDF1}.Release|x86.Build.0 = Release|Win32
		{8DE58B08-4F71-4F58-9FC1-E4BBFE23E27A}.Debug|Any CPU.ActiveCfg = Debug|Any CPU
		{8DE58B08-4F71-4F58-9FC1-E4BBFE23E27A}.Debug|Any CPU.Build.0 = Debug|Any CPU
		{8DE58B08-4F71-4F58-9FC1-E4BBFE23E27A}.Debug|ARM.ActiveCfg = Debug|Any CPU
		{8DE58B08-4F71-4F58-9FC1-E4BBFE23E27A}.Debug|ARM.Build.0 = Debug|Any CPU
		{8DE58B08-4F71-4F58-9FC1-E4BBFE23E27A}.Debug|ARM64.ActiveCfg = Debug|Any CPU
		{8DE58B08-4F71-4F58-9FC1-E4BBFE23E27A}.Debug|ARM64.Build.0 = Debug|Any CPU
		{8DE58B08-4F71-4F58-9FC1-E4BBFE23E27A}.Debug|x64.ActiveCfg = Debug|Any CPU
		{8DE58B08-4F71-4F58-9FC1-E4BBFE23E27A}.Debug|x64.Build.0 = Debug|Any CPU
		{8DE58B08-4F71-4F58-9FC1-E4BBFE23E27A}.Debug|x86.ActiveCfg = Debug|Any CPU
		{8DE58B08-4F71-4F58-9FC1-E4BBFE23E27A}.Debug|x86.Build.0 = Debug|Any CPU
		{8DE58B08-4F71-4F58-9FC1-E4BBFE23E27A}.Release|Any CPU.ActiveCfg = Release|Any CPU
		{8DE58B08-4F71-4F58-9FC1-E4BBFE23E27A}.Release|Any CPU.Build.0 = Release|Any CPU
		{8DE58B08-4F71-4F58-9FC1-E4BBFE23E27A}.Release|ARM.ActiveCfg = Release|Any CPU
		{8DE58B08-4F71-4F58-9FC1-E4BBFE23E27A}.Release|ARM.Build.0 = Release|Any CPU
		{8DE58B08-4F71-4F58-9FC1-E4BBFE23E27A}.Release|ARM64.ActiveCfg = Release|Any CPU
		{8DE58B08-4F71-4F58-9FC1-E4BBFE23E27A}.Release|ARM64.Build.0 = Release|Any CPU
		{8DE58B08-4F71-4F58-9FC1-E4BBFE23E27A}.Release|x64.ActiveCfg = Release|Any CPU
		{8DE58B08-4F71-4F58-9FC1-E4BBFE23E27A}.Release|x64.Build.0 = Release|Any CPU
		{8DE58B08-4F71-4F58-9FC1-E4BBFE23E27A}.Release|x86.ActiveCfg = Release|Any CPU
		{8DE58B08-4F71-4F58-9FC1-E4BBFE23E27A}.Release|x86.Build.0 = Release|Any CPU
		{4D41A238-E058-4F91-AE4A-E4A29B963DB7}.Debug|Any CPU.ActiveCfg = Debug|Any CPU
		{4D41A238-E058-4F91-AE4A-E4A29B963DB7}.Debug|Any CPU.Build.0 = Debug|Any CPU
		{4D41A238-E058-4F91-AE4A-E4A29B963DB7}.Debug|ARM.ActiveCfg = Debug|Any CPU
		{4D41A238-E058-4F91-AE4A-E4A29B963DB7}.Debug|ARM.Build.0 = Debug|Any CPU
		{4D41A238-E058-4F91-AE4A-E4A29B963DB7}.Debug|ARM64.ActiveCfg = Debug|Any CPU
		{4D41A238-E058-4F91-AE4A-E4A29B963DB7}.Debug|ARM64.Build.0 = Debug|Any CPU
		{4D41A238-E058-4F91-AE4A-E4A29B963DB7}.Debug|x64.ActiveCfg = Debug|Any CPU
		{4D41A238-E058-4F91-AE4A-E4A29B963DB7}.Debug|x64.Build.0 = Debug|Any CPU
		{4D41A238-E058-4F91-AE4A-E4A29B963DB7}.Debug|x86.ActiveCfg = Debug|Any CPU
		{4D41A238-E058-4F91-AE4A-E4A29B963DB7}.Debug|x86.Build.0 = Debug|Any CPU
		{4D41A238-E058-4F91-AE4A-E4A29B963DB7}.Release|Any CPU.ActiveCfg = Release|Any CPU
		{4D41A238-E058-4F91-AE4A-E4A29B963DB7}.Release|Any CPU.Build.0 = Release|Any CPU
		{4D41A238-E058-4F91-AE4A-E4A29B963DB7}.Release|ARM.ActiveCfg = Release|Any CPU
		{4D41A238-E058-4F91-AE4A-E4A29B963DB7}.Release|ARM.Build.0 = Release|Any CPU
		{4D41A238-E058-4F91-AE4A-E4A29B963DB7}.Release|ARM64.ActiveCfg = Release|Any CPU
		{4D41A238-E058-4F91-AE4A-E4A29B963DB7}.Release|ARM64.Build.0 = Release|Any CPU
		{4D41A238-E058-4F91-AE4A-E4A29B963DB7}.Release|x64.ActiveCfg = Release|Any CPU
		{4D41A238-E058-4F91-AE4A-E4A29B963DB7}.Release|x64.Build.0 = Release|Any CPU
		{4D41A238-E058-4F91-AE4A-E4A29B963DB7}.Release|x86.ActiveCfg = Release|Any CPU
		{4D41A238-E058-4F91-AE4A-E4A29B963DB7}.Release|x86.Build.0 = Release|Any CPU
		{B454AE62-50D3-4031-8279-0A881FEB4608}.Debug|Any CPU.ActiveCfg = Debug|x64
		{B454AE62-50D3-4031-8279-0A881FEB4608}.Debug|Any CPU.Build.0 = Debug|x64
		{B454AE62-50D3-4031-8279-0A881FEB4608}.Debug|Any CPU.Deploy.0 = Debug|x64
		{B454AE62-50D3-4031-8279-0A881FEB4608}.Debug|ARM.ActiveCfg = Debug|ARM
		{B454AE62-50D3-4031-8279-0A881FEB4608}.Debug|ARM.Build.0 = Debug|ARM
		{B454AE62-50D3-4031-8279-0A881FEB4608}.Debug|ARM.Deploy.0 = Debug|ARM
		{B454AE62-50D3-4031-8279-0A881FEB4608}.Debug|ARM64.ActiveCfg = Debug|ARM64
		{B454AE62-50D3-4031-8279-0A881FEB4608}.Debug|ARM64.Build.0 = Debug|ARM64
		{B454AE62-50D3-4031-8279-0A881FEB4608}.Debug|ARM64.Deploy.0 = Debug|ARM64
		{B454AE62-50D3-4031-8279-0A881FEB4608}.Debug|x64.ActiveCfg = Debug|x64
		{B454AE62-50D3-4031-8279-0A881FEB4608}.Debug|x64.Build.0 = Debug|x64
		{B454AE62-50D3-4031-8279-0A881FEB4608}.Debug|x64.Deploy.0 = Debug|x64
		{B454AE62-50D3-4031-8279-0A881FEB4608}.Debug|x86.ActiveCfg = Debug|x86
		{B454AE62-50D3-4031-8279-0A881FEB4608}.Debug|x86.Build.0 = Debug|x86
		{B454AE62-50D3-4031-8279-0A881FEB4608}.Debug|x86.Deploy.0 = Debug|x86
		{B454AE62-50D3-4031-8279-0A881FEB4608}.Release|Any CPU.ActiveCfg = Release|x64
		{B454AE62-50D3-4031-8279-0A881FEB4608}.Release|Any CPU.Build.0 = Release|x64
		{B454AE62-50D3-4031-8279-0A881FEB4608}.Release|Any CPU.Deploy.0 = Release|x64
		{B454AE62-50D3-4031-8279-0A881FEB4608}.Release|ARM.ActiveCfg = Release|ARM
		{B454AE62-50D3-4031-8279-0A881FEB4608}.Release|ARM.Build.0 = Release|ARM
		{B454AE62-50D3-4031-8279-0A881FEB4608}.Release|ARM.Deploy.0 = Release|ARM
		{B454AE62-50D3-4031-8279-0A881FEB4608}.Release|ARM64.ActiveCfg = Release|ARM64
		{B454AE62-50D3-4031-8279-0A881FEB4608}.Release|ARM64.Build.0 = Release|ARM64
		{B454AE62-50D3-4031-8279-0A881FEB4608}.Release|ARM64.Deploy.0 = Release|ARM64
		{B454AE62-50D3-4031-8279-0A881FEB4608}.Release|x64.ActiveCfg = Release|x64
		{B454AE62-50D3-4031-8279-0A881FEB4608}.Release|x64.Build.0 = Release|x64
		{B454AE62-50D3-4031-8279-0A881FEB4608}.Release|x64.Deploy.0 = Release|x64
		{B454AE62-50D3-4031-8279-0A881FEB4608}.Release|x86.ActiveCfg = Release|x86
		{B454AE62-50D3-4031-8279-0A881FEB4608}.Release|x86.Build.0 = Release|x86
		{B454AE62-50D3-4031-8279-0A881FEB4608}.Release|x86.Deploy.0 = Release|x86
		{C4D035B0-7E6A-49D4-BA47-862EC029CC8F}.Debug|Any CPU.ActiveCfg = Debug|Any CPU
		{C4D035B0-7E6A-49D4-BA47-862EC029CC8F}.Debug|Any CPU.Build.0 = Debug|Any CPU
		{C4D035B0-7E6A-49D4-BA47-862EC029CC8F}.Debug|ARM.ActiveCfg = Debug|Any CPU
		{C4D035B0-7E6A-49D4-BA47-862EC029CC8F}.Debug|ARM.Build.0 = Debug|Any CPU
		{C4D035B0-7E6A-49D4-BA47-862EC029CC8F}.Debug|ARM64.ActiveCfg = Debug|Any CPU
		{C4D035B0-7E6A-49D4-BA47-862EC029CC8F}.Debug|ARM64.Build.0 = Debug|Any CPU
		{C4D035B0-7E6A-49D4-BA47-862EC029CC8F}.Debug|x64.ActiveCfg = Debug|Any CPU
		{C4D035B0-7E6A-49D4-BA47-862EC029CC8F}.Debug|x64.Build.0 = Debug|Any CPU
		{C4D035B0-7E6A-49D4-BA47-862EC029CC8F}.Debug|x86.ActiveCfg = Debug|Any CPU
		{C4D035B0-7E6A-49D4-BA47-862EC029CC8F}.Debug|x86.Build.0 = Debug|Any CPU
		{C4D035B0-7E6A-49D4-BA47-862EC029CC8F}.Release|Any CPU.ActiveCfg = Release|Any CPU
		{C4D035B0-7E6A-49D4-BA47-862EC029CC8F}.Release|Any CPU.Build.0 = Release|Any CPU
		{C4D035B0-7E6A-49D4-BA47-862EC029CC8F}.Release|ARM.ActiveCfg = Release|Any CPU
		{C4D035B0-7E6A-49D4-BA47-862EC029CC8F}.Release|ARM.Build.0 = Release|Any CPU
		{C4D035B0-7E6A-49D4-BA47-862EC029CC8F}.Release|ARM64.ActiveCfg = Release|Any CPU
		{C4D035B0-7E6A-49D4-BA47-862EC029CC8F}.Release|ARM64.Build.0 = Release|Any CPU
		{C4D035B0-7E6A-49D4-BA47-862EC029CC8F}.Release|x64.ActiveCfg = Release|Any CPU
		{C4D035B0-7E6A-49D4-BA47-862EC029CC8F}.Release|x64.Build.0 = Release|Any CPU
		{C4D035B0-7E6A-49D4-BA47-862EC029CC8F}.Release|x86.ActiveCfg = Release|Any CPU
		{C4D035B0-7E6A-49D4-BA47-862EC029CC8F}.Release|x86.Build.0 = Release|Any CPU
		{2CD63B45-9337-4C77-8D8B-E8CC877F21EE}.Debug|Any CPU.ActiveCfg = Debug|Any CPU
		{2CD63B45-9337-4C77-8D8B-E8CC877F21EE}.Debug|Any CPU.Build.0 = Debug|Any CPU
		{2CD63B45-9337-4C77-8D8B-E8CC877F21EE}.Debug|ARM.ActiveCfg = Debug|Any CPU
		{2CD63B45-9337-4C77-8D8B-E8CC877F21EE}.Debug|ARM.Build.0 = Debug|Any CPU
		{2CD63B45-9337-4C77-8D8B-E8CC877F21EE}.Debug|ARM64.ActiveCfg = Debug|Any CPU
		{2CD63B45-9337-4C77-8D8B-E8CC877F21EE}.Debug|ARM64.Build.0 = Debug|Any CPU
		{2CD63B45-9337-4C77-8D8B-E8CC877F21EE}.Debug|x64.ActiveCfg = Debug|Any CPU
		{2CD63B45-9337-4C77-8D8B-E8CC877F21EE}.Debug|x64.Build.0 = Debug|Any CPU
		{2CD63B45-9337-4C77-8D8B-E8CC877F21EE}.Debug|x86.ActiveCfg = Debug|Any CPU
		{2CD63B45-9337-4C77-8D8B-E8CC877F21EE}.Debug|x86.Build.0 = Debug|Any CPU
		{2CD63B45-9337-4C77-8D8B-E8CC877F21EE}.Release|Any CPU.ActiveCfg = Release|Any CPU
		{2CD63B45-9337-4C77-8D8B-E8CC877F21EE}.Release|Any CPU.Build.0 = Release|Any CPU
		{2CD63B45-9337-4C77-8D8B-E8CC877F21EE}.Release|ARM.ActiveCfg = Release|Any CPU
		{2CD63B45-9337-4C77-8D8B-E8CC877F21EE}.Release|ARM.Build.0 = Release|Any CPU
		{2CD63B45-9337-4C77-8D8B-E8CC877F21EE}.Release|ARM64.ActiveCfg = Release|Any CPU
		{2CD63B45-9337-4C77-8D8B-E8CC877F21EE}.Release|ARM64.Build.0 = Release|Any CPU
		{2CD63B45-9337-4C77-8D8B-E8CC877F21EE}.Release|x64.ActiveCfg = Release|Any CPU
		{2CD63B45-9337-4C77-8D8B-E8CC877F21EE}.Release|x64.Build.0 = Release|Any CPU
		{2CD63B45-9337-4C77-8D8B-E8CC877F21EE}.Release|x86.ActiveCfg = Release|Any CPU
		{2CD63B45-9337-4C77-8D8B-E8CC877F21EE}.Release|x86.Build.0 = Release|Any CPU
		{C31C5E06-FD2E-427E-ADB1-48F67D3B03E9}.Debug|Any CPU.ActiveCfg = Debug|Any CPU
		{C31C5E06-FD2E-427E-ADB1-48F67D3B03E9}.Debug|Any CPU.Build.0 = Debug|Any CPU
		{C31C5E06-FD2E-427E-ADB1-48F67D3B03E9}.Debug|ARM.ActiveCfg = Debug|Any CPU
		{C31C5E06-FD2E-427E-ADB1-48F67D3B03E9}.Debug|ARM.Build.0 = Debug|Any CPU
		{C31C5E06-FD2E-427E-ADB1-48F67D3B03E9}.Debug|ARM64.ActiveCfg = Debug|Any CPU
		{C31C5E06-FD2E-427E-ADB1-48F67D3B03E9}.Debug|ARM64.Build.0 = Debug|Any CPU
		{C31C5E06-FD2E-427E-ADB1-48F67D3B03E9}.Debug|x64.ActiveCfg = Debug|Any CPU
		{C31C5E06-FD2E-427E-ADB1-48F67D3B03E9}.Debug|x64.Build.0 = Debug|Any CPU
		{C31C5E06-FD2E-427E-ADB1-48F67D3B03E9}.Debug|x86.ActiveCfg = Debug|Any CPU
		{C31C5E06-FD2E-427E-ADB1-48F67D3B03E9}.Debug|x86.Build.0 = Debug|Any CPU
		{C31C5E06-FD2E-427E-ADB1-48F67D3B03E9}.Release|Any CPU.ActiveCfg = Release|Any CPU
		{C31C5E06-FD2E-427E-ADB1-48F67D3B03E9}.Release|Any CPU.Build.0 = Release|Any CPU
		{C31C5E06-FD2E-427E-ADB1-48F67D3B03E9}.Release|ARM.ActiveCfg = Release|Any CPU
		{C31C5E06-FD2E-427E-ADB1-48F67D3B03E9}.Release|ARM.Build.0 = Release|Any CPU
		{C31C5E06-FD2E-427E-ADB1-48F67D3B03E9}.Release|ARM64.ActiveCfg = Release|Any CPU
		{C31C5E06-FD2E-427E-ADB1-48F67D3B03E9}.Release|ARM64.Build.0 = Release|Any CPU
		{C31C5E06-FD2E-427E-ADB1-48F67D3B03E9}.Release|x64.ActiveCfg = Release|Any CPU
		{C31C5E06-FD2E-427E-ADB1-48F67D3B03E9}.Release|x64.Build.0 = Release|Any CPU
		{C31C5E06-FD2E-427E-ADB1-48F67D3B03E9}.Release|x86.ActiveCfg = Release|Any CPU
		{C31C5E06-FD2E-427E-ADB1-48F67D3B03E9}.Release|x86.Build.0 = Release|Any CPU
		{C69A8277-85DE-4EEF-9B3F-41C09E7A2381}.Debug|Any CPU.ActiveCfg = Debug|Any CPU
		{C69A8277-85DE-4EEF-9B3F-41C09E7A2381}.Debug|Any CPU.Build.0 = Debug|Any CPU
		{C69A8277-85DE-4EEF-9B3F-41C09E7A2381}.Debug|ARM.ActiveCfg = Debug|Any CPU
		{C69A8277-85DE-4EEF-9B3F-41C09E7A2381}.Debug|ARM.Build.0 = Debug|Any CPU
		{C69A8277-85DE-4EEF-9B3F-41C09E7A2381}.Debug|ARM64.ActiveCfg = Debug|Any CPU
		{C69A8277-85DE-4EEF-9B3F-41C09E7A2381}.Debug|ARM64.Build.0 = Debug|Any CPU
		{C69A8277-85DE-4EEF-9B3F-41C09E7A2381}.Debug|x64.ActiveCfg = Debug|Any CPU
		{C69A8277-85DE-4EEF-9B3F-41C09E7A2381}.Debug|x64.Build.0 = Debug|Any CPU
		{C69A8277-85DE-4EEF-9B3F-41C09E7A2381}.Debug|x86.ActiveCfg = Debug|Any CPU
		{C69A8277-85DE-4EEF-9B3F-41C09E7A2381}.Debug|x86.Build.0 = Debug|Any CPU
		{C69A8277-85DE-4EEF-9B3F-41C09E7A2381}.Release|Any CPU.ActiveCfg = Release|Any CPU
		{C69A8277-85DE-4EEF-9B3F-41C09E7A2381}.Release|Any CPU.Build.0 = Release|Any CPU
		{C69A8277-85DE-4EEF-9B3F-41C09E7A2381}.Release|ARM.ActiveCfg = Release|Any CPU
		{C69A8277-85DE-4EEF-9B3F-41C09E7A2381}.Release|ARM.Build.0 = Release|Any CPU
		{C69A8277-85DE-4EEF-9B3F-41C09E7A2381}.Release|ARM64.ActiveCfg = Release|Any CPU
		{C69A8277-85DE-4EEF-9B3F-41C09E7A2381}.Release|ARM64.Build.0 = Release|Any CPU
		{C69A8277-85DE-4EEF-9B3F-41C09E7A2381}.Release|x64.ActiveCfg = Release|Any CPU
		{C69A8277-85DE-4EEF-9B3F-41C09E7A2381}.Release|x64.Build.0 = Release|Any CPU
		{C69A8277-85DE-4EEF-9B3F-41C09E7A2381}.Release|x86.ActiveCfg = Release|Any CPU
		{C69A8277-85DE-4EEF-9B3F-41C09E7A2381}.Release|x86.Build.0 = Release|Any CPU
		{2FB79948-737B-4367-B526-B65EDFE33647}.Debug|Any CPU.ActiveCfg = Debug|Any CPU
		{2FB79948-737B-4367-B526-B65EDFE33647}.Debug|Any CPU.Build.0 = Debug|Any CPU
		{2FB79948-737B-4367-B526-B65EDFE33647}.Debug|ARM.ActiveCfg = Debug|Any CPU
		{2FB79948-737B-4367-B526-B65EDFE33647}.Debug|ARM.Build.0 = Debug|Any CPU
		{2FB79948-737B-4367-B526-B65EDFE33647}.Debug|ARM64.ActiveCfg = Debug|Any CPU
		{2FB79948-737B-4367-B526-B65EDFE33647}.Debug|ARM64.Build.0 = Debug|Any CPU
		{2FB79948-737B-4367-B526-B65EDFE33647}.Debug|x64.ActiveCfg = Debug|Any CPU
		{2FB79948-737B-4367-B526-B65EDFE33647}.Debug|x64.Build.0 = Debug|Any CPU
		{2FB79948-737B-4367-B526-B65EDFE33647}.Debug|x86.ActiveCfg = Debug|Any CPU
		{2FB79948-737B-4367-B526-B65EDFE33647}.Debug|x86.Build.0 = Debug|Any CPU
		{2FB79948-737B-4367-B526-B65EDFE33647}.Release|Any CPU.ActiveCfg = Release|Any CPU
		{2FB79948-737B-4367-B526-B65EDFE33647}.Release|Any CPU.Build.0 = Release|Any CPU
		{2FB79948-737B-4367-B526-B65EDFE33647}.Release|ARM.ActiveCfg = Release|Any CPU
		{2FB79948-737B-4367-B526-B65EDFE33647}.Release|ARM.Build.0 = Release|Any CPU
		{2FB79948-737B-4367-B526-B65EDFE33647}.Release|ARM64.ActiveCfg = Release|Any CPU
		{2FB79948-737B-4367-B526-B65EDFE33647}.Release|ARM64.Build.0 = Release|Any CPU
		{2FB79948-737B-4367-B526-B65EDFE33647}.Release|x64.ActiveCfg = Release|Any CPU
		{2FB79948-737B-4367-B526-B65EDFE33647}.Release|x64.Build.0 = Release|Any CPU
		{2FB79948-737B-4367-B526-B65EDFE33647}.Release|x86.ActiveCfg = Release|Any CPU
		{2FB79948-737B-4367-B526-B65EDFE33647}.Release|x86.Build.0 = Release|Any CPU
		{EDE358A7-7281-4732-9824-88BE98D691D1}.Debug|Any CPU.ActiveCfg = Debug|x64
		{EDE358A7-7281-4732-9824-88BE98D691D1}.Debug|Any CPU.Build.0 = Debug|x64
		{EDE358A7-7281-4732-9824-88BE98D691D1}.Debug|ARM.ActiveCfg = Debug|x64
		{EDE358A7-7281-4732-9824-88BE98D691D1}.Debug|ARM.Build.0 = Debug|x64
		{EDE358A7-7281-4732-9824-88BE98D691D1}.Debug|ARM64.ActiveCfg = Debug|x64
		{EDE358A7-7281-4732-9824-88BE98D691D1}.Debug|ARM64.Build.0 = Debug|x64
		{EDE358A7-7281-4732-9824-88BE98D691D1}.Debug|x64.ActiveCfg = Debug|x64
		{EDE358A7-7281-4732-9824-88BE98D691D1}.Debug|x64.Build.0 = Debug|x64
		{EDE358A7-7281-4732-9824-88BE98D691D1}.Debug|x86.ActiveCfg = Debug|Win32
		{EDE358A7-7281-4732-9824-88BE98D691D1}.Debug|x86.Build.0 = Debug|Win32
		{EDE358A7-7281-4732-9824-88BE98D691D1}.Release|Any CPU.ActiveCfg = Release|x64
		{EDE358A7-7281-4732-9824-88BE98D691D1}.Release|Any CPU.Build.0 = Release|x64
		{EDE358A7-7281-4732-9824-88BE98D691D1}.Release|ARM.ActiveCfg = Release|x64
		{EDE358A7-7281-4732-9824-88BE98D691D1}.Release|ARM.Build.0 = Release|x64
		{EDE358A7-7281-4732-9824-88BE98D691D1}.Release|ARM64.ActiveCfg = Release|x64
		{EDE358A7-7281-4732-9824-88BE98D691D1}.Release|ARM64.Build.0 = Release|x64
		{EDE358A7-7281-4732-9824-88BE98D691D1}.Release|x64.ActiveCfg = Release|x64
		{EDE358A7-7281-4732-9824-88BE98D691D1}.Release|x64.Build.0 = Release|x64
		{EDE358A7-7281-4732-9824-88BE98D691D1}.Release|x86.ActiveCfg = Release|Win32
		{EDE358A7-7281-4732-9824-88BE98D691D1}.Release|x86.Build.0 = Release|Win32
		{0A3515B0-7FBE-46A3-97E6-A4E75F1A683B}.Debug|Any CPU.ActiveCfg = Debug|x64
		{0A3515B0-7FBE-46A3-97E6-A4E75F1A683B}.Debug|Any CPU.Build.0 = Debug|x64
		{0A3515B0-7FBE-46A3-97E6-A4E75F1A683B}.Debug|ARM.ActiveCfg = Debug|x64
		{0A3515B0-7FBE-46A3-97E6-A4E75F1A683B}.Debug|ARM.Build.0 = Debug|x64
		{0A3515B0-7FBE-46A3-97E6-A4E75F1A683B}.Debug|ARM64.ActiveCfg = Debug|x64
		{0A3515B0-7FBE-46A3-97E6-A4E75F1A683B}.Debug|ARM64.Build.0 = Debug|x64
		{0A3515B0-7FBE-46A3-97E6-A4E75F1A683B}.Debug|x64.ActiveCfg = Debug|x64
		{0A3515B0-7FBE-46A3-97E6-A4E75F1A683B}.Debug|x64.Build.0 = Debug|x64
		{0A3515B0-7FBE-46A3-97E6-A4E75F1A683B}.Debug|x86.ActiveCfg = Debug|Win32
		{0A3515B0-7FBE-46A3-97E6-A4E75F1A683B}.Debug|x86.Build.0 = Debug|Win32
		{0A3515B0-7FBE-46A3-97E6-A4E75F1A683B}.Release|Any CPU.ActiveCfg = Release|x64
		{0A3515B0-7FBE-46A3-97E6-A4E75F1A683B}.Release|Any CPU.Build.0 = Release|x64
		{0A3515B0-7FBE-46A3-97E6-A4E75F1A683B}.Release|ARM.ActiveCfg = Release|x64
		{0A3515B0-7FBE-46A3-97E6-A4E75F1A683B}.Release|ARM.Build.0 = Release|x64
		{0A3515B0-7FBE-46A3-97E6-A4E75F1A683B}.Release|ARM64.ActiveCfg = Release|x64
		{0A3515B0-7FBE-46A3-97E6-A4E75F1A683B}.Release|ARM64.Build.0 = Release|x64
		{0A3515B0-7FBE-46A3-97E6-A4E75F1A683B}.Release|x64.ActiveCfg = Release|x64
		{0A3515B0-7FBE-46A3-97E6-A4E75F1A683B}.Release|x64.Build.0 = Release|x64
		{0A3515B0-7FBE-46A3-97E6-A4E75F1A683B}.Release|x86.ActiveCfg = Release|Win32
		{0A3515B0-7FBE-46A3-97E6-A4E75F1A683B}.Release|x86.Build.0 = Release|Win32
		{C3927CD4-7E4D-4429-B8EE-9C77EB14EAC1}.Debug|Any CPU.ActiveCfg = Debug|x64
		{C3927CD4-7E4D-4429-B8EE-9C77EB14EAC1}.Debug|Any CPU.Build.0 = Debug|x64
		{C3927CD4-7E4D-4429-B8EE-9C77EB14EAC1}.Debug|Any CPU.Deploy.0 = Debug|x64
		{C3927CD4-7E4D-4429-B8EE-9C77EB14EAC1}.Debug|ARM.ActiveCfg = Debug|ARM
		{C3927CD4-7E4D-4429-B8EE-9C77EB14EAC1}.Debug|ARM.Build.0 = Debug|ARM
		{C3927CD4-7E4D-4429-B8EE-9C77EB14EAC1}.Debug|ARM.Deploy.0 = Debug|ARM
		{C3927CD4-7E4D-4429-B8EE-9C77EB14EAC1}.Debug|ARM64.ActiveCfg = Debug|ARM64
		{C3927CD4-7E4D-4429-B8EE-9C77EB14EAC1}.Debug|ARM64.Build.0 = Debug|ARM64
		{C3927CD4-7E4D-4429-B8EE-9C77EB14EAC1}.Debug|ARM64.Deploy.0 = Debug|ARM64
		{C3927CD4-7E4D-4429-B8EE-9C77EB14EAC1}.Debug|x64.ActiveCfg = Debug|x64
		{C3927CD4-7E4D-4429-B8EE-9C77EB14EAC1}.Debug|x64.Build.0 = Debug|x64
		{C3927CD4-7E4D-4429-B8EE-9C77EB14EAC1}.Debug|x64.Deploy.0 = Debug|x64
		{C3927CD4-7E4D-4429-B8EE-9C77EB14EAC1}.Debug|x86.ActiveCfg = Debug|x86
		{C3927CD4-7E4D-4429-B8EE-9C77EB14EAC1}.Debug|x86.Build.0 = Debug|x86
		{C3927CD4-7E4D-4429-B8EE-9C77EB14EAC1}.Debug|x86.Deploy.0 = Debug|x86
		{C3927CD4-7E4D-4429-B8EE-9C77EB14EAC1}.Release|Any CPU.ActiveCfg = Release|x64
		{C3927CD4-7E4D-4429-B8EE-9C77EB14EAC1}.Release|Any CPU.Build.0 = Release|x64
		{C3927CD4-7E4D-4429-B8EE-9C77EB14EAC1}.Release|Any CPU.Deploy.0 = Release|x64
		{C3927CD4-7E4D-4429-B8EE-9C77EB14EAC1}.Release|ARM.ActiveCfg = Release|ARM
		{C3927CD4-7E4D-4429-B8EE-9C77EB14EAC1}.Release|ARM.Build.0 = Release|ARM
		{C3927CD4-7E4D-4429-B8EE-9C77EB14EAC1}.Release|ARM.Deploy.0 = Release|ARM
		{C3927CD4-7E4D-4429-B8EE-9C77EB14EAC1}.Release|ARM64.ActiveCfg = Release|ARM64
		{C3927CD4-7E4D-4429-B8EE-9C77EB14EAC1}.Release|ARM64.Build.0 = Release|ARM64
		{C3927CD4-7E4D-4429-B8EE-9C77EB14EAC1}.Release|ARM64.Deploy.0 = Release|ARM64
		{C3927CD4-7E4D-4429-B8EE-9C77EB14EAC1}.Release|x64.ActiveCfg = Release|x64
		{C3927CD4-7E4D-4429-B8EE-9C77EB14EAC1}.Release|x64.Build.0 = Release|x64
		{C3927CD4-7E4D-4429-B8EE-9C77EB14EAC1}.Release|x64.Deploy.0 = Release|x64
		{C3927CD4-7E4D-4429-B8EE-9C77EB14EAC1}.Release|x86.ActiveCfg = Release|x86
		{C3927CD4-7E4D-4429-B8EE-9C77EB14EAC1}.Release|x86.Build.0 = Release|x86
		{C3927CD4-7E4D-4429-B8EE-9C77EB14EAC1}.Release|x86.Deploy.0 = Release|x86
		{67446029-8895-46FE-89E9-8F02FEA807C9}.Debug|Any CPU.ActiveCfg = Debug|x64
		{67446029-8895-46FE-89E9-8F02FEA807C9}.Debug|Any CPU.Build.0 = Debug|x64
		{67446029-8895-46FE-89E9-8F02FEA807C9}.Debug|ARM.ActiveCfg = Debug|x64
		{67446029-8895-46FE-89E9-8F02FEA807C9}.Debug|ARM.Build.0 = Debug|x64
		{67446029-8895-46FE-89E9-8F02FEA807C9}.Debug|ARM64.ActiveCfg = Debug|x64
		{67446029-8895-46FE-89E9-8F02FEA807C9}.Debug|ARM64.Build.0 = Debug|x64
		{67446029-8895-46FE-89E9-8F02FEA807C9}.Debug|x64.ActiveCfg = Debug|x64
		{67446029-8895-46FE-89E9-8F02FEA807C9}.Debug|x64.Build.0 = Debug|x64
		{67446029-8895-46FE-89E9-8F02FEA807C9}.Debug|x86.ActiveCfg = Debug|Win32
		{67446029-8895-46FE-89E9-8F02FEA807C9}.Debug|x86.Build.0 = Debug|Win32
		{67446029-8895-46FE-89E9-8F02FEA807C9}.Release|Any CPU.ActiveCfg = Release|x64
		{67446029-8895-46FE-89E9-8F02FEA807C9}.Release|Any CPU.Build.0 = Release|x64
		{67446029-8895-46FE-89E9-8F02FEA807C9}.Release|ARM.ActiveCfg = Release|x64
		{67446029-8895-46FE-89E9-8F02FEA807C9}.Release|ARM.Build.0 = Release|x64
		{67446029-8895-46FE-89E9-8F02FEA807C9}.Release|ARM64.ActiveCfg = Release|x64
		{67446029-8895-46FE-89E9-8F02FEA807C9}.Release|ARM64.Build.0 = Release|x64
		{67446029-8895-46FE-89E9-8F02FEA807C9}.Release|x64.ActiveCfg = Release|x64
		{67446029-8895-46FE-89E9-8F02FEA807C9}.Release|x64.Build.0 = Release|x64
		{67446029-8895-46FE-89E9-8F02FEA807C9}.Release|x86.ActiveCfg = Release|Win32
		{67446029-8895-46FE-89E9-8F02FEA807C9}.Release|x86.Build.0 = Release|Win32
		{E69F1417-6702-4C4F-AD76-3E1875ADBF85}.Debug|Any CPU.ActiveCfg = Debug|x64
		{E69F1417-6702-4C4F-AD76-3E1875ADBF85}.Debug|Any CPU.Build.0 = Debug|x64
		{E69F1417-6702-4C4F-AD76-3E1875ADBF85}.Debug|Any CPU.Deploy.0 = Debug|x64
		{E69F1417-6702-4C4F-AD76-3E1875ADBF85}.Debug|ARM.ActiveCfg = Debug|ARM
		{E69F1417-6702-4C4F-AD76-3E1875ADBF85}.Debug|ARM.Build.0 = Debug|ARM
		{E69F1417-6702-4C4F-AD76-3E1875ADBF85}.Debug|ARM.Deploy.0 = Debug|ARM
		{E69F1417-6702-4C4F-AD76-3E1875ADBF85}.Debug|ARM64.ActiveCfg = Debug|ARM64
		{E69F1417-6702-4C4F-AD76-3E1875ADBF85}.Debug|ARM64.Build.0 = Debug|ARM64
		{E69F1417-6702-4C4F-AD76-3E1875ADBF85}.Debug|ARM64.Deploy.0 = Debug|ARM64
		{E69F1417-6702-4C4F-AD76-3E1875ADBF85}.Debug|x64.ActiveCfg = Debug|x64
		{E69F1417-6702-4C4F-AD76-3E1875ADBF85}.Debug|x64.Build.0 = Debug|x64
		{E69F1417-6702-4C4F-AD76-3E1875ADBF85}.Debug|x64.Deploy.0 = Debug|x64
		{E69F1417-6702-4C4F-AD76-3E1875ADBF85}.Debug|x86.ActiveCfg = Debug|x86
		{E69F1417-6702-4C4F-AD76-3E1875ADBF85}.Debug|x86.Build.0 = Debug|x86
		{E69F1417-6702-4C4F-AD76-3E1875ADBF85}.Debug|x86.Deploy.0 = Debug|x86
		{E69F1417-6702-4C4F-AD76-3E1875ADBF85}.Release|Any CPU.ActiveCfg = Release|x64
		{E69F1417-6702-4C4F-AD76-3E1875ADBF85}.Release|Any CPU.Build.0 = Release|x64
		{E69F1417-6702-4C4F-AD76-3E1875ADBF85}.Release|Any CPU.Deploy.0 = Release|x64
		{E69F1417-6702-4C4F-AD76-3E1875ADBF85}.Release|ARM.ActiveCfg = Release|ARM
		{E69F1417-6702-4C4F-AD76-3E1875ADBF85}.Release|ARM.Build.0 = Release|ARM
		{E69F1417-6702-4C4F-AD76-3E1875ADBF85}.Release|ARM.Deploy.0 = Release|ARM
		{E69F1417-6702-4C4F-AD76-3E1875ADBF85}.Release|ARM64.ActiveCfg = Release|ARM64
		{E69F1417-6702-4C4F-AD76-3E1875ADBF85}.Release|ARM64.Build.0 = Release|ARM64
		{E69F1417-6702-4C4F-AD76-3E1875ADBF85}.Release|ARM64.Deploy.0 = Release|ARM64
		{E69F1417-6702-4C4F-AD76-3E1875ADBF85}.Release|x64.ActiveCfg = Release|x64
		{E69F1417-6702-4C4F-AD76-3E1875ADBF85}.Release|x64.Build.0 = Release|x64
		{E69F1417-6702-4C4F-AD76-3E1875ADBF85}.Release|x64.Deploy.0 = Release|x64
		{E69F1417-6702-4C4F-AD76-3E1875ADBF85}.Release|x86.ActiveCfg = Release|x86
		{E69F1417-6702-4C4F-AD76-3E1875ADBF85}.Release|x86.Build.0 = Release|x86
		{E69F1417-6702-4C4F-AD76-3E1875ADBF85}.Release|x86.Deploy.0 = Release|x86
		{1B5CB891-6155-4220-923A-4E1167742A7F}.Debug|Any CPU.ActiveCfg = Debug|Any CPU
		{1B5CB891-6155-4220-923A-4E1167742A7F}.Debug|Any CPU.Build.0 = Debug|Any CPU
		{1B5CB891-6155-4220-923A-4E1167742A7F}.Debug|ARM.ActiveCfg = Debug|Any CPU
		{1B5CB891-6155-4220-923A-4E1167742A7F}.Debug|ARM.Build.0 = Debug|Any CPU
		{1B5CB891-6155-4220-923A-4E1167742A7F}.Debug|ARM64.ActiveCfg = Debug|Any CPU
		{1B5CB891-6155-4220-923A-4E1167742A7F}.Debug|ARM64.Build.0 = Debug|Any CPU
		{1B5CB891-6155-4220-923A-4E1167742A7F}.Debug|x64.ActiveCfg = Debug|Any CPU
		{1B5CB891-6155-4220-923A-4E1167742A7F}.Debug|x64.Build.0 = Debug|Any CPU
		{1B5CB891-6155-4220-923A-4E1167742A7F}.Debug|x86.ActiveCfg = Debug|Any CPU
		{1B5CB891-6155-4220-923A-4E1167742A7F}.Debug|x86.Build.0 = Debug|Any CPU
		{1B5CB891-6155-4220-923A-4E1167742A7F}.Release|Any CPU.ActiveCfg = Release|Any CPU
		{1B5CB891-6155-4220-923A-4E1167742A7F}.Release|Any CPU.Build.0 = Release|Any CPU
		{1B5CB891-6155-4220-923A-4E1167742A7F}.Release|ARM.ActiveCfg = Release|Any CPU
		{1B5CB891-6155-4220-923A-4E1167742A7F}.Release|ARM.Build.0 = Release|Any CPU
		{1B5CB891-6155-4220-923A-4E1167742A7F}.Release|ARM64.ActiveCfg = Release|Any CPU
		{1B5CB891-6155-4220-923A-4E1167742A7F}.Release|ARM64.Build.0 = Release|Any CPU
		{1B5CB891-6155-4220-923A-4E1167742A7F}.Release|x64.ActiveCfg = Release|Any CPU
		{1B5CB891-6155-4220-923A-4E1167742A7F}.Release|x64.Build.0 = Release|Any CPU
		{1B5CB891-6155-4220-923A-4E1167742A7F}.Release|x86.ActiveCfg = Release|Any CPU
		{1B5CB891-6155-4220-923A-4E1167742A7F}.Release|x86.Build.0 = Release|Any CPU
		{EF24AC4B-7D28-4A6C-8B35-1D1E3964DF3E}.Debug|Any CPU.ActiveCfg = Debug|x64
		{EF24AC4B-7D28-4A6C-8B35-1D1E3964DF3E}.Debug|Any CPU.Build.0 = Debug|x64
		{EF24AC4B-7D28-4A6C-8B35-1D1E3964DF3E}.Debug|Any CPU.Deploy.0 = Debug|x64
		{EF24AC4B-7D28-4A6C-8B35-1D1E3964DF3E}.Debug|ARM.ActiveCfg = Debug|ARM
		{EF24AC4B-7D28-4A6C-8B35-1D1E3964DF3E}.Debug|ARM.Build.0 = Debug|ARM
		{EF24AC4B-7D28-4A6C-8B35-1D1E3964DF3E}.Debug|ARM.Deploy.0 = Debug|ARM
		{EF24AC4B-7D28-4A6C-8B35-1D1E3964DF3E}.Debug|ARM64.ActiveCfg = Debug|ARM64
		{EF24AC4B-7D28-4A6C-8B35-1D1E3964DF3E}.Debug|ARM64.Build.0 = Debug|ARM64
		{EF24AC4B-7D28-4A6C-8B35-1D1E3964DF3E}.Debug|ARM64.Deploy.0 = Debug|ARM64
		{EF24AC4B-7D28-4A6C-8B35-1D1E3964DF3E}.Debug|x64.ActiveCfg = Debug|x64
		{EF24AC4B-7D28-4A6C-8B35-1D1E3964DF3E}.Debug|x64.Build.0 = Debug|x64
		{EF24AC4B-7D28-4A6C-8B35-1D1E3964DF3E}.Debug|x64.Deploy.0 = Debug|x64
		{EF24AC4B-7D28-4A6C-8B35-1D1E3964DF3E}.Debug|x86.ActiveCfg = Debug|x86
		{EF24AC4B-7D28-4A6C-8B35-1D1E3964DF3E}.Debug|x86.Build.0 = Debug|x86
		{EF24AC4B-7D28-4A6C-8B35-1D1E3964DF3E}.Debug|x86.Deploy.0 = Debug|x86
		{EF24AC4B-7D28-4A6C-8B35-1D1E3964DF3E}.Release|Any CPU.ActiveCfg = Release|x64
		{EF24AC4B-7D28-4A6C-8B35-1D1E3964DF3E}.Release|Any CPU.Build.0 = Release|x64
		{EF24AC4B-7D28-4A6C-8B35-1D1E3964DF3E}.Release|Any CPU.Deploy.0 = Release|x64
		{EF24AC4B-7D28-4A6C-8B35-1D1E3964DF3E}.Release|ARM.ActiveCfg = Release|ARM
		{EF24AC4B-7D28-4A6C-8B35-1D1E3964DF3E}.Release|ARM.Build.0 = Release|ARM
		{EF24AC4B-7D28-4A6C-8B35-1D1E3964DF3E}.Release|ARM.Deploy.0 = Release|ARM
		{EF24AC4B-7D28-4A6C-8B35-1D1E3964DF3E}.Release|ARM64.ActiveCfg = Release|ARM64
		{EF24AC4B-7D28-4A6C-8B35-1D1E3964DF3E}.Release|ARM64.Build.0 = Release|ARM64
		{EF24AC4B-7D28-4A6C-8B35-1D1E3964DF3E}.Release|ARM64.Deploy.0 = Release|ARM64
		{EF24AC4B-7D28-4A6C-8B35-1D1E3964DF3E}.Release|x64.ActiveCfg = Release|x64
		{EF24AC4B-7D28-4A6C-8B35-1D1E3964DF3E}.Release|x64.Build.0 = Release|x64
		{EF24AC4B-7D28-4A6C-8B35-1D1E3964DF3E}.Release|x64.Deploy.0 = Release|x64
		{EF24AC4B-7D28-4A6C-8B35-1D1E3964DF3E}.Release|x86.ActiveCfg = Release|x86
		{EF24AC4B-7D28-4A6C-8B35-1D1E3964DF3E}.Release|x86.Build.0 = Release|x86
		{EF24AC4B-7D28-4A6C-8B35-1D1E3964DF3E}.Release|x86.Deploy.0 = Release|x86
		{AD8ABD47-04D3-4A2E-8584-9028A3A86C1B}.Debug|Any CPU.ActiveCfg = Debug|x64
		{AD8ABD47-04D3-4A2E-8584-9028A3A86C1B}.Debug|Any CPU.Build.0 = Debug|x64
		{AD8ABD47-04D3-4A2E-8584-9028A3A86C1B}.Debug|Any CPU.Deploy.0 = Debug|x64
		{AD8ABD47-04D3-4A2E-8584-9028A3A86C1B}.Debug|ARM.ActiveCfg = Debug|ARM
		{AD8ABD47-04D3-4A2E-8584-9028A3A86C1B}.Debug|ARM.Build.0 = Debug|ARM
		{AD8ABD47-04D3-4A2E-8584-9028A3A86C1B}.Debug|ARM.Deploy.0 = Debug|ARM
		{AD8ABD47-04D3-4A2E-8584-9028A3A86C1B}.Debug|ARM64.ActiveCfg = Debug|ARM64
		{AD8ABD47-04D3-4A2E-8584-9028A3A86C1B}.Debug|ARM64.Build.0 = Debug|ARM64
		{AD8ABD47-04D3-4A2E-8584-9028A3A86C1B}.Debug|ARM64.Deploy.0 = Debug|ARM64
		{AD8ABD47-04D3-4A2E-8584-9028A3A86C1B}.Debug|x64.ActiveCfg = Debug|x64
		{AD8ABD47-04D3-4A2E-8584-9028A3A86C1B}.Debug|x64.Build.0 = Debug|x64
		{AD8ABD47-04D3-4A2E-8584-9028A3A86C1B}.Debug|x64.Deploy.0 = Debug|x64
		{AD8ABD47-04D3-4A2E-8584-9028A3A86C1B}.Debug|x86.ActiveCfg = Debug|x86
		{AD8ABD47-04D3-4A2E-8584-9028A3A86C1B}.Debug|x86.Build.0 = Debug|x86
		{AD8ABD47-04D3-4A2E-8584-9028A3A86C1B}.Debug|x86.Deploy.0 = Debug|x86
		{AD8ABD47-04D3-4A2E-8584-9028A3A86C1B}.Release|Any CPU.ActiveCfg = Release|x64
		{AD8ABD47-04D3-4A2E-8584-9028A3A86C1B}.Release|Any CPU.Build.0 = Release|x64
		{AD8ABD47-04D3-4A2E-8584-9028A3A86C1B}.Release|Any CPU.Deploy.0 = Release|x64
		{AD8ABD47-04D3-4A2E-8584-9028A3A86C1B}.Release|ARM.ActiveCfg = Release|ARM
		{AD8ABD47-04D3-4A2E-8584-9028A3A86C1B}.Release|ARM.Build.0 = Release|ARM
		{AD8ABD47-04D3-4A2E-8584-9028A3A86C1B}.Release|ARM.Deploy.0 = Release|ARM
		{AD8ABD47-04D3-4A2E-8584-9028A3A86C1B}.Release|ARM64.ActiveCfg = Release|ARM64
		{AD8ABD47-04D3-4A2E-8584-9028A3A86C1B}.Release|ARM64.Build.0 = Release|ARM64
		{AD8ABD47-04D3-4A2E-8584-9028A3A86C1B}.Release|ARM64.Deploy.0 = Release|ARM64
		{AD8ABD47-04D3-4A2E-8584-9028A3A86C1B}.Release|x64.ActiveCfg = Release|x64
		{AD8ABD47-04D3-4A2E-8584-9028A3A86C1B}.Release|x64.Build.0 = Release|x64
		{AD8ABD47-04D3-4A2E-8584-9028A3A86C1B}.Release|x64.Deploy.0 = Release|x64
		{AD8ABD47-04D3-4A2E-8584-9028A3A86C1B}.Release|x86.ActiveCfg = Release|x86
		{AD8ABD47-04D3-4A2E-8584-9028A3A86C1B}.Release|x86.Build.0 = Release|x86
		{AD8ABD47-04D3-4A2E-8584-9028A3A86C1B}.Release|x86.Deploy.0 = Release|x86
		{4CF75E81-A1AC-4EE2-BC82-9E9BCAD32AB9}.Debug|Any CPU.ActiveCfg = Debug|x64
		{4CF75E81-A1AC-4EE2-BC82-9E9BCAD32AB9}.Debug|Any CPU.Build.0 = Debug|x64
		{4CF75E81-A1AC-4EE2-BC82-9E9BCAD32AB9}.Debug|Any CPU.Deploy.0 = Debug|x64
		{4CF75E81-A1AC-4EE2-BC82-9E9BCAD32AB9}.Debug|ARM.ActiveCfg = Debug|ARM
		{4CF75E81-A1AC-4EE2-BC82-9E9BCAD32AB9}.Debug|ARM.Build.0 = Debug|ARM
		{4CF75E81-A1AC-4EE2-BC82-9E9BCAD32AB9}.Debug|ARM.Deploy.0 = Debug|ARM
		{4CF75E81-A1AC-4EE2-BC82-9E9BCAD32AB9}.Debug|ARM64.ActiveCfg = Debug|ARM64
		{4CF75E81-A1AC-4EE2-BC82-9E9BCAD32AB9}.Debug|ARM64.Build.0 = Debug|ARM64
		{4CF75E81-A1AC-4EE2-BC82-9E9BCAD32AB9}.Debug|ARM64.Deploy.0 = Debug|ARM64
		{4CF75E81-A1AC-4EE2-BC82-9E9BCAD32AB9}.Debug|x64.ActiveCfg = Debug|x64
		{4CF75E81-A1AC-4EE2-BC82-9E9BCAD32AB9}.Debug|x64.Build.0 = Debug|x64
		{4CF75E81-A1AC-4EE2-BC82-9E9BCAD32AB9}.Debug|x64.Deploy.0 = Debug|x64
		{4CF75E81-A1AC-4EE2-BC82-9E9BCAD32AB9}.Debug|x86.ActiveCfg = Debug|x86
		{4CF75E81-A1AC-4EE2-BC82-9E9BCAD32AB9}.Debug|x86.Build.0 = Debug|x86
		{4CF75E81-A1AC-4EE2-BC82-9E9BCAD32AB9}.Debug|x86.Deploy.0 = Debug|x86
		{4CF75E81-A1AC-4EE2-BC82-9E9BCAD32AB9}.Release|Any CPU.ActiveCfg = Release|x64
		{4CF75E81-A1AC-4EE2-BC82-9E9BCAD32AB9}.Release|Any CPU.Build.0 = Release|x64
		{4CF75E81-A1AC-4EE2-BC82-9E9BCAD32AB9}.Release|Any CPU.Deploy.0 = Release|x64
		{4CF75E81-A1AC-4EE2-BC82-9E9BCAD32AB9}.Release|ARM.ActiveCfg = Release|ARM
		{4CF75E81-A1AC-4EE2-BC82-9E9BCAD32AB9}.Release|ARM.Build.0 = Release|ARM
		{4CF75E81-A1AC-4EE2-BC82-9E9BCAD32AB9}.Release|ARM.Deploy.0 = Release|ARM
		{4CF75E81-A1AC-4EE2-BC82-9E9BCAD32AB9}.Release|ARM64.ActiveCfg = Release|ARM64
		{4CF75E81-A1AC-4EE2-BC82-9E9BCAD32AB9}.Release|ARM64.Build.0 = Release|ARM64
		{4CF75E81-A1AC-4EE2-BC82-9E9BCAD32AB9}.Release|ARM64.Deploy.0 = Release|ARM64
		{4CF75E81-A1AC-4EE2-BC82-9E9BCAD32AB9}.Release|x64.ActiveCfg = Release|x64
		{4CF75E81-A1AC-4EE2-BC82-9E9BCAD32AB9}.Release|x64.Build.0 = Release|x64
		{4CF75E81-A1AC-4EE2-BC82-9E9BCAD32AB9}.Release|x64.Deploy.0 = Release|x64
		{4CF75E81-A1AC-4EE2-BC82-9E9BCAD32AB9}.Release|x86.ActiveCfg = Release|x86
		{4CF75E81-A1AC-4EE2-BC82-9E9BCAD32AB9}.Release|x86.Build.0 = Release|x86
		{4CF75E81-A1AC-4EE2-BC82-9E9BCAD32AB9}.Release|x86.Deploy.0 = Release|x86
		{FF80C8A8-36BA-4BCC-B3C3-5307D33B447E}.Debug|Any CPU.ActiveCfg = Debug|x64
		{FF80C8A8-36BA-4BCC-B3C3-5307D33B447E}.Debug|Any CPU.Build.0 = Debug|x64
		{FF80C8A8-36BA-4BCC-B3C3-5307D33B447E}.Debug|Any CPU.Deploy.0 = Debug|x64
		{FF80C8A8-36BA-4BCC-B3C3-5307D33B447E}.Debug|ARM.ActiveCfg = Debug|ARM
		{FF80C8A8-36BA-4BCC-B3C3-5307D33B447E}.Debug|ARM.Build.0 = Debug|ARM
		{FF80C8A8-36BA-4BCC-B3C3-5307D33B447E}.Debug|ARM.Deploy.0 = Debug|ARM
		{FF80C8A8-36BA-4BCC-B3C3-5307D33B447E}.Debug|ARM64.ActiveCfg = Debug|ARM64
		{FF80C8A8-36BA-4BCC-B3C3-5307D33B447E}.Debug|ARM64.Build.0 = Debug|ARM64
		{FF80C8A8-36BA-4BCC-B3C3-5307D33B447E}.Debug|ARM64.Deploy.0 = Debug|ARM64
		{FF80C8A8-36BA-4BCC-B3C3-5307D33B447E}.Debug|x64.ActiveCfg = Debug|x64
		{FF80C8A8-36BA-4BCC-B3C3-5307D33B447E}.Debug|x64.Build.0 = Debug|x64
		{FF80C8A8-36BA-4BCC-B3C3-5307D33B447E}.Debug|x64.Deploy.0 = Debug|x64
		{FF80C8A8-36BA-4BCC-B3C3-5307D33B447E}.Debug|x86.ActiveCfg = Debug|x86
		{FF80C8A8-36BA-4BCC-B3C3-5307D33B447E}.Debug|x86.Build.0 = Debug|x86
		{FF80C8A8-36BA-4BCC-B3C3-5307D33B447E}.Debug|x86.Deploy.0 = Debug|x86
		{FF80C8A8-36BA-4BCC-B3C3-5307D33B447E}.Release|Any CPU.ActiveCfg = Release|x64
		{FF80C8A8-36BA-4BCC-B3C3-5307D33B447E}.Release|Any CPU.Build.0 = Release|x64
		{FF80C8A8-36BA-4BCC-B3C3-5307D33B447E}.Release|Any CPU.Deploy.0 = Release|x64
		{FF80C8A8-36BA-4BCC-B3C3-5307D33B447E}.Release|ARM.ActiveCfg = Release|ARM
		{FF80C8A8-36BA-4BCC-B3C3-5307D33B447E}.Release|ARM.Build.0 = Release|ARM
		{FF80C8A8-36BA-4BCC-B3C3-5307D33B447E}.Release|ARM.Deploy.0 = Release|ARM
		{FF80C8A8-36BA-4BCC-B3C3-5307D33B447E}.Release|ARM64.ActiveCfg = Release|ARM64
		{FF80C8A8-36BA-4BCC-B3C3-5307D33B447E}.Release|ARM64.Build.0 = Release|ARM64
		{FF80C8A8-36BA-4BCC-B3C3-5307D33B447E}.Release|ARM64.Deploy.0 = Release|ARM64
		{FF80C8A8-36BA-4BCC-B3C3-5307D33B447E}.Release|x64.ActiveCfg = Release|x64
		{FF80C8A8-36BA-4BCC-B3C3-5307D33B447E}.Release|x64.Build.0 = Release|x64
		{FF80C8A8-36BA-4BCC-B3C3-5307D33B447E}.Release|x64.Deploy.0 = Release|x64
		{FF80C8A8-36BA-4BCC-B3C3-5307D33B447E}.Release|x86.ActiveCfg = Release|x86
		{FF80C8A8-36BA-4BCC-B3C3-5307D33B447E}.Release|x86.Build.0 = Release|x86
		{FF80C8A8-36BA-4BCC-B3C3-5307D33B447E}.Release|x86.Deploy.0 = Release|x86
		{F3AE2DA1-2F19-4DFA-A7BA-D23A5048EA61}.Debug|Any CPU.ActiveCfg = Debug|x64
		{F3AE2DA1-2F19-4DFA-A7BA-D23A5048EA61}.Debug|Any CPU.Build.0 = Debug|x64
		{F3AE2DA1-2F19-4DFA-A7BA-D23A5048EA61}.Debug|Any CPU.Deploy.0 = Debug|x64
		{F3AE2DA1-2F19-4DFA-A7BA-D23A5048EA61}.Debug|ARM.ActiveCfg = Debug|ARM
		{F3AE2DA1-2F19-4DFA-A7BA-D23A5048EA61}.Debug|ARM.Build.0 = Debug|ARM
		{F3AE2DA1-2F19-4DFA-A7BA-D23A5048EA61}.Debug|ARM.Deploy.0 = Debug|ARM
		{F3AE2DA1-2F19-4DFA-A7BA-D23A5048EA61}.Debug|ARM64.ActiveCfg = Debug|ARM64
		{F3AE2DA1-2F19-4DFA-A7BA-D23A5048EA61}.Debug|ARM64.Build.0 = Debug|ARM64
		{F3AE2DA1-2F19-4DFA-A7BA-D23A5048EA61}.Debug|ARM64.Deploy.0 = Debug|ARM64
		{F3AE2DA1-2F19-4DFA-A7BA-D23A5048EA61}.Debug|x64.ActiveCfg = Debug|x64
		{F3AE2DA1-2F19-4DFA-A7BA-D23A5048EA61}.Debug|x64.Build.0 = Debug|x64
		{F3AE2DA1-2F19-4DFA-A7BA-D23A5048EA61}.Debug|x64.Deploy.0 = Debug|x64
		{F3AE2DA1-2F19-4DFA-A7BA-D23A5048EA61}.Debug|x86.ActiveCfg = Debug|x86
		{F3AE2DA1-2F19-4DFA-A7BA-D23A5048EA61}.Debug|x86.Build.0 = Debug|x86
		{F3AE2DA1-2F19-4DFA-A7BA-D23A5048EA61}.Debug|x86.Deploy.0 = Debug|x86
		{F3AE2DA1-2F19-4DFA-A7BA-D23A5048EA61}.Release|Any CPU.ActiveCfg = Release|x64
		{F3AE2DA1-2F19-4DFA-A7BA-D23A5048EA61}.Release|Any CPU.Build.0 = Release|x64
		{F3AE2DA1-2F19-4DFA-A7BA-D23A5048EA61}.Release|Any CPU.Deploy.0 = Release|x64
		{F3AE2DA1-2F19-4DFA-A7BA-D23A5048EA61}.Release|ARM.ActiveCfg = Release|ARM
		{F3AE2DA1-2F19-4DFA-A7BA-D23A5048EA61}.Release|ARM.Build.0 = Release|ARM
		{F3AE2DA1-2F19-4DFA-A7BA-D23A5048EA61}.Release|ARM.Deploy.0 = Release|ARM
		{F3AE2DA1-2F19-4DFA-A7BA-D23A5048EA61}.Release|ARM64.ActiveCfg = Release|ARM64
		{F3AE2DA1-2F19-4DFA-A7BA-D23A5048EA61}.Release|ARM64.Build.0 = Release|ARM64
		{F3AE2DA1-2F19-4DFA-A7BA-D23A5048EA61}.Release|ARM64.Deploy.0 = Release|ARM64
		{F3AE2DA1-2F19-4DFA-A7BA-D23A5048EA61}.Release|x64.ActiveCfg = Release|x64
		{F3AE2DA1-2F19-4DFA-A7BA-D23A5048EA61}.Release|x64.Build.0 = Release|x64
		{F3AE2DA1-2F19-4DFA-A7BA-D23A5048EA61}.Release|x64.Deploy.0 = Release|x64
		{F3AE2DA1-2F19-4DFA-A7BA-D23A5048EA61}.Release|x86.ActiveCfg = Release|x86
		{F3AE2DA1-2F19-4DFA-A7BA-D23A5048EA61}.Release|x86.Build.0 = Release|x86
		{F3AE2DA1-2F19-4DFA-A7BA-D23A5048EA61}.Release|x86.Deploy.0 = Release|x86
		{E9BF3041-BEA1-462C-A511-DD749B3A709A}.Debug|Any CPU.ActiveCfg = Debug|x64
		{E9BF3041-BEA1-462C-A511-DD749B3A709A}.Debug|Any CPU.Build.0 = Debug|x64
		{E9BF3041-BEA1-462C-A511-DD749B3A709A}.Debug|Any CPU.Deploy.0 = Debug|x64
		{E9BF3041-BEA1-462C-A511-DD749B3A709A}.Debug|ARM.ActiveCfg = Debug|ARM
		{E9BF3041-BEA1-462C-A511-DD749B3A709A}.Debug|ARM.Build.0 = Debug|ARM
		{E9BF3041-BEA1-462C-A511-DD749B3A709A}.Debug|ARM.Deploy.0 = Debug|ARM
		{E9BF3041-BEA1-462C-A511-DD749B3A709A}.Debug|ARM64.ActiveCfg = Debug|ARM64
		{E9BF3041-BEA1-462C-A511-DD749B3A709A}.Debug|ARM64.Build.0 = Debug|ARM64
		{E9BF3041-BEA1-462C-A511-DD749B3A709A}.Debug|ARM64.Deploy.0 = Debug|ARM64
		{E9BF3041-BEA1-462C-A511-DD749B3A709A}.Debug|x64.ActiveCfg = Debug|x64
		{E9BF3041-BEA1-462C-A511-DD749B3A709A}.Debug|x64.Build.0 = Debug|x64
		{E9BF3041-BEA1-462C-A511-DD749B3A709A}.Debug|x64.Deploy.0 = Debug|x64
		{E9BF3041-BEA1-462C-A511-DD749B3A709A}.Debug|x86.ActiveCfg = Debug|x86
		{E9BF3041-BEA1-462C-A511-DD749B3A709A}.Debug|x86.Build.0 = Debug|x86
		{E9BF3041-BEA1-462C-A511-DD749B3A709A}.Debug|x86.Deploy.0 = Debug|x86
		{E9BF3041-BEA1-462C-A511-DD749B3A709A}.Release|Any CPU.ActiveCfg = Release|x64
		{E9BF3041-BEA1-462C-A511-DD749B3A709A}.Release|Any CPU.Build.0 = Release|x64
		{E9BF3041-BEA1-462C-A511-DD749B3A709A}.Release|Any CPU.Deploy.0 = Release|x64
		{E9BF3041-BEA1-462C-A511-DD749B3A709A}.Release|ARM.ActiveCfg = Release|ARM
		{E9BF3041-BEA1-462C-A511-DD749B3A709A}.Release|ARM.Build.0 = Release|ARM
		{E9BF3041-BEA1-462C-A511-DD749B3A709A}.Release|ARM.Deploy.0 = Release|ARM
		{E9BF3041-BEA1-462C-A511-DD749B3A709A}.Release|ARM64.ActiveCfg = Release|ARM64
		{E9BF3041-BEA1-462C-A511-DD749B3A709A}.Release|ARM64.Build.0 = Release|ARM64
		{E9BF3041-BEA1-462C-A511-DD749B3A709A}.Release|ARM64.Deploy.0 = Release|ARM64
		{E9BF3041-BEA1-462C-A511-DD749B3A709A}.Release|x64.ActiveCfg = Release|x64
		{E9BF3041-BEA1-462C-A511-DD749B3A709A}.Release|x64.Build.0 = Release|x64
		{E9BF3041-BEA1-462C-A511-DD749B3A709A}.Release|x64.Deploy.0 = Release|x64
		{E9BF3041-BEA1-462C-A511-DD749B3A709A}.Release|x86.ActiveCfg = Release|x86
		{E9BF3041-BEA1-462C-A511-DD749B3A709A}.Release|x86.Build.0 = Release|x86
		{E9BF3041-BEA1-462C-A511-DD749B3A709A}.Release|x86.Deploy.0 = Release|x86
	EndGlobalSection
	GlobalSection(SolutionProperties) = preSolution
		HideSolutionNode = FALSE
	EndGlobalSection
	GlobalSection(ExtensibilityGlobals) = postSolution
		SolutionGuid = {17FF3F20-8124-4E56-AEEE-FFF8EF544A02}
	EndGlobalSection
EndGlobal
