
Microsoft Visual Studio Solution File, Format Version 12.00
# Visual Studio Version 17
VisualStudioVersion = 17.7.34031.279
MinimumVisualStudioVersion = 10.0.40219.1
Project("{9A19103F-16F7-4668-BE54-9A1E7A4F7556}") = "PZ_2", "LoginovSergey_4PK2\PZ_2.csproj", "{752CB4C3-97F0-4623-B9F5-72C1CD934837}"
EndProject
Project("{8BC9CEB8-8B4A-11D0-8D11-00A0C91BC942}") = "HelloApp (PZ_1)", "HelloApp (PZ_1)\HelloApp (PZ_1).vcxproj", "{816F2C2A-CC16-402A-8323-1468E03ABDF1}"
EndProject
Project("{9A19103F-16F7-4668-BE54-9A1E7A4F7556}") = "PZ_4", "PZ_4\PZ_4.csproj", "{8DE58B08-4F71-4F58-9FC1-E4BBFE23E27A}"
EndProject
Project("{9A19103F-16F7-4668-BE54-9A1E7A4F7556}") = "PZ_4.1", "PZ_4.1\PZ_4.1.csproj", "{4D41A238-E058-4F91-AE4A-E4A29B963DB7}"
EndProject
Project("{FAE04EC0-301F-11D3-BF4B-00C04F79EFBC}") = "PZ_6", "PZ_6\PZ_6.csproj", "{B454AE62-50D3-4031-8279-0A881FEB4608}"
EndProject
Project("{9A19103F-16F7-4668-BE54-9A1E7A4F7556}") = "PZ_5", "PZ_5\PZ_5.csproj", "{C4D035B0-7E6A-49D4-BA47-862EC029CC8F}"
EndProject
Project("{9A19103F-16F7-4668-BE54-9A1E7A4F7556}") = "PZ_7", "PZ_7\PZ_7.csproj", "{2CD63B45-9337-4C77-8D8B-E8CC877F21EE}"
EndProject
Project("{FAE04EC0-301F-11D3-BF4B-00C04F79EFBC}") = "PZ_8", "PZ_8\PZ_8.csproj", "{C31C5E06-FD2E-427E-ADB1-48F67D3B03E9}"
EndProject
Project("{FAE04EC0-301F-11D3-BF4B-00C04F79EFBC}") = "PZ_9", "PZ_9\PZ_9.csproj", "{C69A8277-85DE-4EEF-9B3F-41C09E7A2381}"
EndProject
Global
	GlobalSection(SolutionConfigurationPlatforms) = preSolution
		Debug|Any CPU = Debug|Any CPU
		Debug|ARM = Debug|ARM
		Debug|ARM64 = Debug|ARM64
		Debug|x64 = Debug|x64
		Debug|x86 = Debug|x86
		Release|Any CPU = Release|Any CPU
		Release|ARM = Release|ARM
		Release|ARM64 = Release|ARM64
		Release|x64 = Release|x64
		Release|x86 = Release|x86
	EndGlobalSection
	GlobalSection(ProjectConfigurationPlatforms) = postSolution
		{752CB4C3-97F0-4623-B9F5-72C1CD934837}.Debug|Any CPU.ActiveCfg = Debug|Any CPU
		{752CB4C3-97F0-4623-B9F5-72C1CD934837}.Debug|Any CPU.Build.0 = Debug|Any CPU
		{752CB4C3-97F0-4623-B9F5-72C1CD934837}.Debug|ARM.ActiveCfg = Debug|Any CPU
		{752CB4C3-97F0-4623-B9F5-72C1CD934837}.Debug|ARM.Build.0 = Debug|Any CPU
		{752CB4C3-97F0-4623-B9F5-72C1CD934837}.Debug|ARM64.ActiveCfg = Debug|Any CPU
		{752CB4C3-97F0-4623-B9F5-72C1CD934837}.Debug|ARM64.Build.0 = Debug|Any CPU
		{752CB4C3-97F0-4623-B9F5-72C1CD934837}.Debug|x64.ActiveCfg = Debug|Any CPU
		{752CB4C3-97F0-4623-B9F5-72C1CD934837}.Debug|x64.Build.0 = Debug|Any CPU
		{752CB4C3-97F0-4623-B9F5-72C1CD934837}.Debug|x86.ActiveCfg = Debug|Any CPU
		{752CB4C3-97F0-4623-B9F5-72C1CD934837}.Debug|x86.Build.0 = Debug|Any CPU
		{752CB4C3-97F0-4623-B9F5-72C1CD934837}.Release|Any CPU.ActiveCfg = Release|Any CPU
		{752CB4C3-97F0-4623-B9F5-72C1CD934837}.Release|Any CPU.Build.0 = Release|Any CPU
		{752CB4C3-97F0-4623-B9F5-72C1CD934837}.Release|ARM.ActiveCfg = Release|Any CPU
		{752CB4C3-97F0-4623-B9F5-72C1CD934837}.Release|ARM.Build.0 = Release|Any CPU
		{752CB4C3-97F0-4623-B9F5-72C1CD934837}.Release|ARM64.ActiveCfg = Release|Any CPU
		{752CB4C3-97F0-4623-B9F5-72C1CD934837}.Release|ARM64.Build.0 = Release|Any CPU
		{752CB4C3-97F0-4623-B9F5-72C1CD934837}.Release|x64.ActiveCfg = Release|Any CPU
		{752CB4C3-97F0-4623-B9F5-72C1CD934837}.Release|x64.Build.0 = Release|Any CPU
		{752CB4C3-97F0-4623-B9F5-72C1CD934837}.Release|x86.ActiveCfg = Release|Any CPU
		{752CB4C3-97F0-4623-B9F5-72C1CD934837}.Release|x86.Build.0 = Release|Any CPU
		{816F2C2A-CC16-402A-8323-1468E03ABDF1}.Debug|Any CPU.ActiveCfg = Debug|x64
		{816F2C2A-CC16-402A-8323-1468E03ABDF1}.Debug|Any CPU.Build.0 = Debug|x64
		{816F2C2A-CC16-402A-8323-1468E03ABDF1}.Debug|ARM.ActiveCfg = Debug|x64
		{816F2C2A-CC16-402A-8323-1468E03ABDF1}.Debug|ARM.Build.0 = Debug|x64
		{816F2C2A-CC16-402A-8323-1468E03ABDF1}.Debug|ARM64.ActiveCfg = Debug|x64
		{816F2C2A-CC16-402A-8323-1468E03ABDF1}.Debug|ARM64.Build.0 = Debug|x64
		{816F2C2A-CC16-402A-8323-1468E03ABDF1}.Debug|x64.ActiveCfg = Debug|x64
		{816F2C2A-CC16-402A-8323-1468E03ABDF1}.Debug|x64.Build.0 = Debug|x64
		{816F2C2A-CC16-402A-8323-1468E03ABDF1}.Debug|x86.ActiveCfg = Debug|Win32
		{816F2C2A-CC16-402A-8323-1468E03ABDF1}.Debug|x86.Build.0 = Debug|Win32
		{816F2C2A-CC16-402A-8323-1468E03ABDF1}.Release|Any CPU.ActiveCfg = Release|x64
		{816F2C2A-CC16-402A-8323-1468E03ABDF1}.Release|Any CPU.Build.0 = Release|x64
		{816F2C2A-CC16-402A-8323-1468E03ABDF1}.Release|ARM.ActiveCfg = Release|x64
		{816F2C2A-CC16-402A-8323-1468E03ABDF1}.Release|ARM.Build.0 = Release|x64
		{816F2C2A-CC16-402A-8323-1468E03ABDF1}.Release|ARM64.ActiveCfg = Release|x64
		{816F2C2A-CC16-402A-8323-1468E03ABDF1}.Release|ARM64.Build.0 = Release|x64
		{816F2C2A-CC16-402A-8323-1468E03ABDF1}.Release|x64.ActiveCfg = Release|x64
		{816F2C2A-CC16-402A-8323-1468E03ABDF1}.Release|x64.Build.0 = Release|x64
		{816F2C2A-CC16-402A-8323-1468E03ABDF1}.Release|x86.ActiveCfg = Release|Win32
		{816F2C2A-CC16-402A-8323-1468E03ABDF1}.Release|x86.Build.0 = Release|Win32
		{8DE58B08-4F71-4F58-9FC1-E4BBFE23E27A}.Debug|Any CPU.ActiveCfg = Debug|Any CPU
		{8DE58B08-4F71-4F58-9FC1-E4BBFE23E27A}.Debug|Any CPU.Build.0 = Debug|Any CPU
		{8DE58B08-4F71-4F58-9FC1-E4BBFE23E27A}.Debug|ARM.ActiveCfg = Debug|Any CPU
		{8DE58B08-4F71-4F58-9FC1-E4BBFE23E27A}.Debug|ARM.Build.0 = Debug|Any CPU
		{8DE58B08-4F71-4F58-9FC1-E4BBFE23E27A}.Debug|ARM64.ActiveCfg = Debug|Any CPU
		{8DE58B08-4F71-4F58-9FC1-E4BBFE23E27A}.Debug|ARM64.Build.0 = Debug|Any CPU
		{8DE58B08-4F71-4F58-9FC1-E4BBFE23E27A}.Debug|x64.ActiveCfg = Debug|Any CPU
		{8DE58B08-4F71-4F58-9FC1-E4BBFE23E27A}.Debug|x64.Build.0 = Debug|Any CPU
		{8DE58B08-4F71-4F58-9FC1-E4BBFE23E27A}.Debug|x86.ActiveCfg = Debug|Any CPU
		{8DE58B08-4F71-4F58-9FC1-E4BBFE23E27A}.Debug|x86.Build.0 = Debug|Any CPU
		{8DE58B08-4F71-4F58-9FC1-E4BBFE23E27A}.Release|Any CPU.ActiveCfg = Release|Any CPU
		{8DE58B08-4F71-4F58-9FC1-E4BBFE23E27A}.Release|Any CPU.Build.0 = Release|Any CPU
		{8DE58B08-4F71-4F58-9FC1-E4BBFE23E27A}.Release|ARM.ActiveCfg = Release|Any CPU
		{8DE58B08-4F71-4F58-9FC1-E4BBFE23E27A}.Release|ARM.Build.0 = Release|Any CPU
		{8DE58B08-4F71-4F58-9FC1-E4BBFE23E27A}.Release|ARM64.ActiveCfg = Release|Any CPU
		{8DE58B08-4F71-4F58-9FC1-E4BBFE23E27A}.Release|ARM64.Build.0 = Release|Any CPU
		{8DE58B08-4F71-4F58-9FC1-E4BBFE23E27A}.Release|x64.ActiveCfg = Release|Any CPU
		{8DE58B08-4F71-4F58-9FC1-E4BBFE23E27A}.Release|x64.Build.0 = Release|Any CPU
		{8DE58B08-4F71-4F58-9FC1-E4BBFE23E27A}.Release|x86.ActiveCfg = Release|Any CPU
		{8DE58B08-4F71-4F58-9FC1-E4BBFE23E27A}.Release|x86.Build.0 = Release|Any CPU
		{4D41A238-E058-4F91-AE4A-E4A29B963DB7}.Debug|Any CPU.ActiveCfg = Debug|Any CPU
		{4D41A238-E058-4F91-AE4A-E4A29B963DB7}.Debug|Any CPU.Build.0 = Debug|Any CPU
		{4D41A238-E058-4F91-AE4A-E4A29B963DB7}.Debug|ARM.ActiveCfg = Debug|Any CPU
		{4D41A238-E058-4F91-AE4A-E4A29B963DB7}.Debug|ARM.Build.0 = Debug|Any CPU
		{4D41A238-E058-4F91-AE4A-E4A29B963DB7}.Debug|ARM64.ActiveCfg = Debug|Any CPU
		{4D41A238-E058-4F91-AE4A-E4A29B963DB7}.Debug|ARM64.Build.0 = Debug|Any CPU
		{4D41A238-E058-4F91-AE4A-E4A29B963DB7}.Debug|x64.ActiveCfg = Debug|Any CPU
		{4D41A238-E058-4F91-AE4A-E4A29B963DB7}.Debug|x64.Build.0 = Debug|Any CPU
		{4D41A238-E058-4F91-AE4A-E4A29B963DB7}.Debug|x86.ActiveCfg = Debug|Any CPU
		{4D41A238-E058-4F91-AE4A-E4A29B963DB7}.Debug|x86.Build.0 = Debug|Any CPU
		{4D41A238-E058-4F91-AE4A-E4A29B963DB7}.Release|Any CPU.ActiveCfg = Release|Any CPU
		{4D41A238-E058-4F91-AE4A-E4A29B963DB7}.Release|Any CPU.Build.0 = Release|Any CPU
		{4D41A238-E058-4F91-AE4A-E4A29B963DB7}.Release|ARM.ActiveCfg = Release|Any CPU
		{4D41A238-E058-4F91-AE4A-E4A29B963DB7}.Release|ARM.Build.0 = Release|Any CPU
		{4D41A238-E058-4F91-AE4A-E4A29B963DB7}.Release|ARM64.ActiveCfg = Release|Any CPU
		{4D41A238-E058-4F91-AE4A-E4A29B963DB7}.Release|ARM64.Build.0 = Release|Any CPU
		{4D41A238-E058-4F91-AE4A-E4A29B963DB7}.Release|x64.ActiveCfg = Release|Any CPU
		{4D41A238-E058-4F91-AE4A-E4A29B963DB7}.Release|x64.Build.0 = Release|Any CPU
		{4D41A238-E058-4F91-AE4A-E4A29B963DB7}.Release|x86.ActiveCfg = Release|Any CPU
		{4D41A238-E058-4F91-AE4A-E4A29B963DB7}.Release|x86.Build.0 = Release|Any CPU
		{B454AE62-50D3-4031-8279-0A881FEB4608}.Debug|Any CPU.ActiveCfg = Debug|x64
		{B454AE62-50D3-4031-8279-0A881FEB4608}.Debug|Any CPU.Build.0 = Debug|x64
		{B454AE62-50D3-4031-8279-0A881FEB4608}.Debug|Any CPU.Deploy.0 = Debug|x64
		{B454AE62-50D3-4031-8279-0A881FEB4608}.Debug|ARM.ActiveCfg = Debug|ARM
		{B454AE62-50D3-4031-8279-0A881FEB4608}.Debug|ARM.Build.0 = Debug|ARM
		{B454AE62-50D3-4031-8279-0A881FEB4608}.Debug|ARM.Deploy.0 = Debug|ARM
		{B454AE62-50D3-4031-8279-0A881FEB4608}.Debug|ARM64.ActiveCfg = Debug|ARM64
		{B454AE62-50D3-4031-8279-0A881FEB4608}.Debug|ARM64.Build.0 = Debug|ARM64
		{B454AE62-50D3-4031-8279-0A881FEB4608}.Debug|ARM64.Deploy.0 = Debug|ARM64
		{B454AE62-50D3-4031-8279-0A881FEB4608}.Debug|x64.ActiveCfg = Debug|x64
		{B454AE62-50D3-4031-8279-0A881FEB4608}.Debug|x64.Build.0 = Debug|x64
		{B454AE62-50D3-4031-8279-0A881FEB4608}.Debug|x64.Deploy.0 = Debug|x64
		{B454AE62-50D3-4031-8279-0A881FEB4608}.Debug|x86.ActiveCfg = Debug|x86
		{B454AE62-50D3-4031-8279-0A881FEB4608}.Debug|x86.Build.0 = Debug|x86
		{B454AE62-50D3-4031-8279-0A881FEB4608}.Debug|x86.Deploy.0 = Debug|x86
		{B454AE62-50D3-4031-8279-0A881FEB4608}.Release|Any CPU.ActiveCfg = Release|x64
		{B454AE62-50D3-4031-8279-0A881FEB4608}.Release|Any CPU.Build.0 = Release|x64
		{B454AE62-50D3-4031-8279-0A881FEB4608}.Release|Any CPU.Deploy.0 = Release|x64
		{B454AE62-50D3-4031-8279-0A881FEB4608}.Release|ARM.ActiveCfg = Release|ARM
		{B454AE62-50D3-4031-8279-0A881FEB4608}.Release|ARM.Build.0 = Release|ARM
		{B454AE62-50D3-4031-8279-0A881FEB4608}.Release|ARM.Deploy.0 = Release|ARM
		{B454AE62-50D3-4031-8279-0A881FEB4608}.Release|ARM64.ActiveCfg = Release|ARM64
		{B454AE62-50D3-4031-8279-0A881FEB4608}.Release|ARM64.Build.0 = Release|ARM64
		{B454AE62-50D3-4031-8279-0A881FEB4608}.Release|ARM64.Deploy.0 = Release|ARM64
		{B454AE62-50D3-4031-8279-0A881FEB4608}.Release|x64.ActiveCfg = Release|x64
		{B454AE62-50D3-4031-8279-0A881FEB4608}.Release|x64.Build.0 = Release|x64
		{B454AE62-50D3-4031-8279-0A881FEB4608}.Release|x64.Deploy.0 = Release|x64
		{B454AE62-50D3-4031-8279-0A881FEB4608}.Release|x86.ActiveCfg = Release|x86
		{B454AE62-50D3-4031-8279-0A881FEB4608}.Release|x86.Build.0 = Release|x86
		{B454AE62-50D3-4031-8279-0A881FEB4608}.Release|x86.Deploy.0 = Release|x86
		{C4D035B0-7E6A-49D4-BA47-862EC029CC8F}.Debug|Any CPU.ActiveCfg = Debug|Any CPU
		{C4D035B0-7E6A-49D4-BA47-862EC029CC8F}.Debug|Any CPU.Build.0 = Debug|Any CPU
		{C4D035B0-7E6A-49D4-BA47-862EC029CC8F}.Debug|ARM.ActiveCfg = Debug|Any CPU
		{C4D035B0-7E6A-49D4-BA47-862EC029CC8F}.Debug|ARM.Build.0 = Debug|Any CPU
		{C4D035B0-7E6A-49D4-BA47-862EC029CC8F}.Debug|ARM64.ActiveCfg = Debug|Any CPU
		{C4D035B0-7E6A-49D4-BA47-862EC029CC8F}.Debug|ARM64.Build.0 = Debug|Any CPU
		{C4D035B0-7E6A-49D4-BA47-862EC029CC8F}.Debug|x64.ActiveCfg = Debug|Any CPU
		{C4D035B0-7E6A-49D4-BA47-862EC029CC8F}.Debug|x64.Build.0 = Debug|Any CPU
		{C4D035B0-7E6A-49D4-BA47-862EC029CC8F}.Debug|x86.ActiveCfg = Debug|Any CPU
		{C4D035B0-7E6A-49D4-BA47-862EC029CC8F}.Debug|x86.Build.0 = Debug|Any CPU
		{C4D035B0-7E6A-49D4-BA47-862EC029CC8F}.Release|Any CPU.ActiveCfg = Release|Any CPU
		{C4D035B0-7E6A-49D4-BA47-862EC029CC8F}.Release|Any CPU.Build.0 = Release|Any CPU
		{C4D035B0-7E6A-49D4-BA47-862EC029CC8F}.Release|ARM.ActiveCfg = Release|Any CPU
		{C4D035B0-7E6A-49D4-BA47-862EC029CC8F}.Release|ARM.Build.0 = Release|Any CPU
		{C4D035B0-7E6A-49D4-BA47-862EC029CC8F}.Release|ARM64.ActiveCfg = Release|Any CPU
		{C4D035B0-7E6A-49D4-BA47-862EC029CC8F}.Release|ARM64.Build.0 = Release|Any CPU
		{C4D035B0-7E6A-49D4-BA47-862EC029CC8F}.Release|x64.ActiveCfg = Release|Any CPU
		{C4D035B0-7E6A-49D4-BA47-862EC029CC8F}.Release|x64.Build.0 = Release|Any CPU
		{C4D035B0-7E6A-49D4-BA47-862EC029CC8F}.Release|x86.ActiveCfg = Release|Any CPU
		{C4D035B0-7E6A-49D4-BA47-862EC029CC8F}.Release|x86.Build.0 = Release|Any CPU
		{2CD63B45-9337-4C77-8D8B-E8CC877F21EE}.Debug|Any CPU.ActiveCfg = Debug|Any CPU
		{2CD63B45-9337-4C77-8D8B-E8CC877F21EE}.Debug|Any CPU.Build.0 = Debug|Any CPU
		{2CD63B45-9337-4C77-8D8B-E8CC877F21EE}.Debug|ARM.ActiveCfg = Debug|Any CPU
		{2CD63B45-9337-4C77-8D8B-E8CC877F21EE}.Debug|ARM.Build.0 = Debug|Any CPU
		{2CD63B45-9337-4C77-8D8B-E8CC877F21EE}.Debug|ARM64.ActiveCfg = Debug|Any CPU
		{2CD63B45-9337-4C77-8D8B-E8CC877F21EE}.Debug|ARM64.Build.0 = Debug|Any CPU
		{2CD63B45-9337-4C77-8D8B-E8CC877F21EE}.Debug|x64.ActiveCfg = Debug|Any CPU
		{2CD63B45-9337-4C77-8D8B-E8CC877F21EE}.Debug|x64.Build.0 = Debug|Any CPU
		{2CD63B45-9337-4C77-8D8B-E8CC877F21EE}.Debug|x86.ActiveCfg = Debug|Any CPU
		{2CD63B45-9337-4C77-8D8B-E8CC877F21EE}.Debug|x86.Build.0 = Debug|Any CPU
		{2CD63B45-9337-4C77-8D8B-E8CC877F21EE}.Release|Any CPU.ActiveCfg = Release|Any CPU
		{2CD63B45-9337-4C77-8D8B-E8CC877F21EE}.Release|Any CPU.Build.0 = Release|Any CPU
		{2CD63B45-9337-4C77-8D8B-E8CC877F21EE}.Release|ARM.ActiveCfg = Release|Any CPU
		{2CD63B45-9337-4C77-8D8B-E8CC877F21EE}.Release|ARM.Build.0 = Release|Any CPU
		{2CD63B45-9337-4C77-8D8B-E8CC877F21EE}.Release|ARM64.ActiveCfg = Release|Any CPU
		{2CD63B45-9337-4C77-8D8B-E8CC877F21EE}.Release|ARM64.Build.0 = Release|Any CPU
		{2CD63B45-9337-4C77-8D8B-E8CC877F21EE}.Release|x64.ActiveCfg = Release|Any CPU
		{2CD63B45-9337-4C77-8D8B-E8CC877F21EE}.Release|x64.Build.0 = Release|Any CPU
		{2CD63B45-9337-4C77-8D8B-E8CC877F21EE}.Release|x86.ActiveCfg = Release|Any CPU
		{2CD63B45-9337-4C77-8D8B-E8CC877F21EE}.Release|x86.Build.0 = Release|Any CPU
		{C31C5E06-FD2E-427E-ADB1-48F67D3B03E9}.Debug|Any CPU.ActiveCfg = Debug|Any CPU
		{C31C5E06-FD2E-427E-ADB1-48F67D3B03E9}.Debug|Any CPU.Build.0 = Debug|Any CPU
		{C31C5E06-FD2E-427E-ADB1-48F67D3B03E9}.Debug|ARM.ActiveCfg = Debug|Any CPU
		{C31C5E06-FD2E-427E-ADB1-48F67D3B03E9}.Debug|ARM.Build.0 = Debug|Any CPU
		{C31C5E06-FD2E-427E-ADB1-48F67D3B03E9}.Debug|ARM64.ActiveCfg = Debug|Any CPU
		{C31C5E06-FD2E-427E-ADB1-48F67D3B03E9}.Debug|ARM64.Build.0 = Debug|Any CPU
		{C31C5E06-FD2E-427E-ADB1-48F67D3B03E9}.Debug|x64.ActiveCfg = Debug|Any CPU
		{C31C5E06-FD2E-427E-ADB1-48F67D3B03E9}.Debug|x64.Build.0 = Debug|Any CPU
		{C31C5E06-FD2E-427E-ADB1-48F67D3B03E9}.Debug|x86.ActiveCfg = Debug|Any CPU
		{C31C5E06-FD2E-427E-ADB1-48F67D3B03E9}.Debug|x86.Build.0 = Debug|Any CPU
		{C31C5E06-FD2E-427E-ADB1-48F67D3B03E9}.Release|Any CPU.ActiveCfg = Release|Any CPU
		{C31C5E06-FD2E-427E-ADB1-48F67D3B03E9}.Release|Any CPU.Build.0 = Release|Any CPU
		{C31C5E06-FD2E-427E-ADB1-48F67D3B03E9}.Release|ARM.ActiveCfg = Release|Any CPU
		{C31C5E06-FD2E-427E-ADB1-48F67D3B03E9}.Release|ARM.Build.0 = Release|Any CPU
		{C31C5E06-FD2E-427E-ADB1-48F67D3B03E9}.Release|ARM64.ActiveCfg = Release|Any CPU
		{C31C5E06-FD2E-427E-ADB1-48F67D3B03E9}.Release|ARM64.Build.0 = Release|Any CPU
		{C31C5E06-FD2E-427E-ADB1-48F67D3B03E9}.Release|x64.ActiveCfg = Release|Any CPU
		{C31C5E06-FD2E-427E-ADB1-48F67D3B03E9}.Release|x64.Build.0 = Release|Any CPU
		{C31C5E06-FD2E-427E-ADB1-48F67D3B03E9}.Release|x86.ActiveCfg = Release|Any CPU
		{C31C5E06-FD2E-427E-ADB1-48F67D3B03E9}.Release|x86.Build.0 = Release|Any CPU
		{C69A8277-85DE-4EEF-9B3F-41C09E7A2381}.Debug|Any CPU.ActiveCfg = Debug|Any CPU
		{C69A8277-85DE-4EEF-9B3F-41C09E7A2381}.Debug|Any CPU.Build.0 = Debug|Any CPU
		{C69A8277-85DE-4EEF-9B3F-41C09E7A2381}.Debug|ARM.ActiveCfg = Debug|Any CPU
		{C69A8277-85DE-4EEF-9B3F-41C09E7A2381}.Debug|ARM.Build.0 = Debug|Any CPU
		{C69A8277-85DE-4EEF-9B3F-41C09E7A2381}.Debug|ARM64.ActiveCfg = Debug|Any CPU
		{C69A8277-85DE-4EEF-9B3F-41C09E7A2381}.Debug|ARM64.Build.0 = Debug|Any CPU
		{C69A8277-85DE-4EEF-9B3F-41C09E7A2381}.Debug|x64.ActiveCfg = Debug|Any CPU
		{C69A8277-85DE-4EEF-9B3F-41C09E7A2381}.Debug|x64.Build.0 = Debug|Any CPU
		{C69A8277-85DE-4EEF-9B3F-41C09E7A2381}.Debug|x86.ActiveCfg = Debug|Any CPU
		{C69A8277-85DE-4EEF-9B3F-41C09E7A2381}.Debug|x86.Build.0 = Debug|Any CPU
		{C69A8277-85DE-4EEF-9B3F-41C09E7A2381}.Release|Any CPU.ActiveCfg = Release|Any CPU
		{C69A8277-85DE-4EEF-9B3F-41C09E7A2381}.Release|Any CPU.Build.0 = Release|Any CPU
		{C69A8277-85DE-4EEF-9B3F-41C09E7A2381}.Release|ARM.ActiveCfg = Release|Any CPU
		{C69A8277-85DE-4EEF-9B3F-41C09E7A2381}.Release|ARM.Build.0 = Release|Any CPU
		{C69A8277-85DE-4EEF-9B3F-41C09E7A2381}.Release|ARM64.ActiveCfg = Release|Any CPU
		{C69A8277-85DE-4EEF-9B3F-41C09E7A2381}.Release|ARM64.Build.0 = Release|Any CPU
		{C69A8277-85DE-4EEF-9B3F-41C09E7A2381}.Release|x64.ActiveCfg = Release|Any CPU
		{C69A8277-85DE-4EEF-9B3F-41C09E7A2381}.Release|x64.Build.0 = Release|Any CPU
		{C69A8277-85DE-4EEF-9B3F-41C09E7A2381}.Release|x86.ActiveCfg = Release|Any CPU
		{C69A8277-85DE-4EEF-9B3F-41C09E7A2381}.Release|x86.Build.0 = Release|Any CPU
	EndGlobalSection
	GlobalSection(SolutionProperties) = preSolution
		HideSolutionNode = FALSE
	EndGlobalSection
	GlobalSection(ExtensibilityGlobals) = postSolution
		SolutionGuid = {17FF3F20-8124-4E56-AEEE-FFF8EF544A02}
	EndGlobalSection
EndGlobal
